{
  "version": 4,
  "terraform_version": "0.12.18",
  "serial": 83,
  "lineage": "e213db59-c92b-ac26-c216-b936a512fe1f",
  "outputs": {
    "LBaaSPublicIP": {
      "value": "150.136.191.236",
      "type": "string"
    }
  },
  "resources": [
    {
      "mode": "data",
      "type": "oci_core_subnets",
      "name": "SubNet-LBSubnetAD1-AD1",
      "provider": "provider.oci",
      "instances": [
        {
          "schema_version": 0,
          "attributes": {
            "compartment_id": "ocid1.compartment.oc1..aaaaaaaartnnf5bmtaiemfuwzaisce7th6a7uqextmne3pauzquzzqxwsslq",
            "display_name": null,
            "filter": [
              {
                "name": "display_name",
                "regex": true,
                "values": [
                  "LBSubnetAD1"
                ]
              }
            ],
            "id": "2020-05-13 03:56:49.443959612 +0000 UTC",
            "state": "AVAILABLE",
            "subnets": [
              {
                "availability_domain": "KEkb:US-ASHBURN-AD-1",
                "cidr_block": "192.168.0.64/28",
                "compartment_id": "ocid1.compartment.oc1..aaaaaaaartnnf5bmtaiemfuwzaisce7th6a7uqextmne3pauzquzzqxwsslq",
                "defined_tags": {
                  "Oracle-Tags.CreatedBy": "saupallohiya@gmail.com",
                  "Oracle-Tags.CreatedOn": "2020-05-13T03:46:06.698Z"
                },
                "dhcp_options_id": "ocid1.dhcpoptions.oc1.iad.aaaaaaaatuwts2s7lyl5tycigrjw3blajtymfmgxvkccvjy2lsfm4yksihfq",
                "display_name": "LBSubnetAD1",
                "dns_label": "lbad1",
                "freeform_tags": {},
                "id": "ocid1.subnet.oc1.iad.aaaaaaaafy6qjeybbuuyrqqu65d5x5b3izaiz73bj4m3fqlmmhzhjt2p7cgq",
                "ipv6cidr_block": "",
                "ipv6public_cidr_block": "",
                "ipv6virtual_router_ip": "",
                "prohibit_public_ip_on_vnic": false,
                "route_table_id": "ocid1.routetable.oc1.iad.aaaaaaaakybgcxbyewvdltk5sprc62mwn7ebzc4aycs46xiw4bkk4iopy5va",
                "security_list_ids": [
                  "ocid1.securitylist.oc1.iad.aaaaaaaaqjfxhqawrbraslafiajhoxqbjd43pinzxzp5di66ujamt72egxha"
                ],
                "state": "AVAILABLE",
                "subnet_domain_name": "lbad1.ociesvcn.oraclevcn.com",
                "time_created": "2020-05-13 03:46:06.723 +0000 UTC",
                "vcn_id": "ocid1.vcn.oc1.iad.amaaaaaabyksr2aaa7rcinky6gz2nk7u3nlq26hksrx6wuzaaulrmw6v74fq",
                "virtual_router_ip": "192.168.0.65",
                "virtual_router_mac": "00:00:17:D6:54:25"
              }
            ],
            "vcn_id": "ocid1.vcn.oc1.iad.amaaaaaabyksr2aaa7rcinky6gz2nk7u3nlq26hksrx6wuzaaulrmw6v74fq"
          }
        }
      ]
    },
    {
      "mode": "data",
      "type": "oci_core_subnets",
      "name": "SubNet-LBSubnetAD2-AD2",
      "provider": "provider.oci",
      "instances": [
        {
          "schema_version": 0,
          "attributes": {
            "compartment_id": "ocid1.compartment.oc1..aaaaaaaartnnf5bmtaiemfuwzaisce7th6a7uqextmne3pauzquzzqxwsslq",
            "display_name": null,
            "filter": [
              {
                "name": "display_name",
                "regex": true,
                "values": [
                  "LBSubnetAD2"
                ]
              }
            ],
            "id": "2020-05-13 03:56:50.810174295 +0000 UTC",
            "state": "AVAILABLE",
            "subnets": [
              {
                "availability_domain": "KEkb:US-ASHBURN-AD-2",
                "cidr_block": "192.168.0.80/28",
                "compartment_id": "ocid1.compartment.oc1..aaaaaaaartnnf5bmtaiemfuwzaisce7th6a7uqextmne3pauzquzzqxwsslq",
                "defined_tags": {
                  "Oracle-Tags.CreatedBy": "saupallohiya@gmail.com",
                  "Oracle-Tags.CreatedOn": "2020-05-13T03:46:07.746Z"
                },
                "dhcp_options_id": "ocid1.dhcpoptions.oc1.iad.aaaaaaaatuwts2s7lyl5tycigrjw3blajtymfmgxvkccvjy2lsfm4yksihfq",
                "display_name": "LBSubnetAD2",
                "dns_label": "lbad2",
                "freeform_tags": {},
                "id": "ocid1.subnet.oc1.iad.aaaaaaaau7la7dxdbwjujpufwmxi43m32n5b6j5ctirmh4p7vskoq7aea4ja",
                "ipv6cidr_block": "",
                "ipv6public_cidr_block": "",
                "ipv6virtual_router_ip": "",
                "prohibit_public_ip_on_vnic": false,
                "route_table_id": "ocid1.routetable.oc1.iad.aaaaaaaakybgcxbyewvdltk5sprc62mwn7ebzc4aycs46xiw4bkk4iopy5va",
                "security_list_ids": [
                  "ocid1.securitylist.oc1.iad.aaaaaaaaqjfxhqawrbraslafiajhoxqbjd43pinzxzp5di66ujamt72egxha"
                ],
                "state": "AVAILABLE",
                "subnet_domain_name": "lbad2.ociesvcn.oraclevcn.com",
                "time_created": "2020-05-13 03:46:07.767 +0000 UTC",
                "vcn_id": "ocid1.vcn.oc1.iad.amaaaaaabyksr2aaa7rcinky6gz2nk7u3nlq26hksrx6wuzaaulrmw6v74fq",
                "virtual_router_ip": "192.168.0.81",
                "virtual_router_mac": "00:00:17:D6:54:25"
              }
            ],
            "vcn_id": "ocid1.vcn.oc1.iad.amaaaaaabyksr2aaa7rcinky6gz2nk7u3nlq26hksrx6wuzaaulrmw6v74fq"
          }
        }
      ]
    },
    {
      "mode": "data",
      "type": "oci_core_subnets",
      "name": "SubNet-PrivateSubnetAD1-AD1",
      "provider": "provider.oci",
      "instances": [
        {
          "schema_version": 0,
          "attributes": {
            "compartment_id": "ocid1.compartment.oc1..aaaaaaaartnnf5bmtaiemfuwzaisce7th6a7uqextmne3pauzquzzqxwsslq",
            "display_name": null,
            "filter": [
              {
                "name": "display_name",
                "regex": true,
                "values": [
                  "PrivateSubnetAD1"
                ]
              }
            ],
            "id": "2020-05-13 03:56:50.330871504 +0000 UTC",
            "state": "AVAILABLE",
            "subnets": [
              {
                "availability_domain": "KEkb:US-ASHBURN-AD-1",
                "cidr_block": "192.168.0.16/28",
                "compartment_id": "ocid1.compartment.oc1..aaaaaaaartnnf5bmtaiemfuwzaisce7th6a7uqextmne3pauzquzzqxwsslq",
                "defined_tags": {
                  "Oracle-Tags.CreatedBy": "saupallohiya@gmail.com",
                  "Oracle-Tags.CreatedOn": "2020-05-13T03:46:07.876Z"
                },
                "dhcp_options_id": "ocid1.dhcpoptions.oc1.iad.aaaaaaaatuwts2s7lyl5tycigrjw3blajtymfmgxvkccvjy2lsfm4yksihfq",
                "display_name": "PrivateSubnetAD1",
                "dns_label": "privad1",
                "freeform_tags": {},
                "id": "ocid1.subnet.oc1.iad.aaaaaaaaun3gjogapgthhdslxwebfowmjyz2q5m4xqtkqddrfgauwcob53aa",
                "ipv6cidr_block": "",
                "ipv6public_cidr_block": "",
                "ipv6virtual_router_ip": "",
                "prohibit_public_ip_on_vnic": false,
                "route_table_id": "ocid1.routetable.oc1.iad.aaaaaaaal6bepfzlorarx62way5irsff33ql2ztwre4mpxshly7dh4vvoynq",
                "security_list_ids": [
                  "ocid1.securitylist.oc1.iad.aaaaaaaaycqph2pxggelnxojb4olglqyi5aibjmjaae4heek6xrxfy5jzutq"
                ],
                "state": "AVAILABLE",
                "subnet_domain_name": "privad1.ociesvcn.oraclevcn.com",
                "time_created": "2020-05-13 03:46:08.195 +0000 UTC",
                "vcn_id": "ocid1.vcn.oc1.iad.amaaaaaabyksr2aaa7rcinky6gz2nk7u3nlq26hksrx6wuzaaulrmw6v74fq",
                "virtual_router_ip": "192.168.0.17",
                "virtual_router_mac": "00:00:17:D6:54:25"
              }
            ],
            "vcn_id": "ocid1.vcn.oc1.iad.amaaaaaabyksr2aaa7rcinky6gz2nk7u3nlq26hksrx6wuzaaulrmw6v74fq"
          }
        }
      ]
    },
    {
      "mode": "data",
      "type": "oci_core_subnets",
      "name": "SubNet-PrivateSubnetAD2-AD2",
      "provider": "provider.oci",
      "instances": [
        {
          "schema_version": 0,
          "attributes": {
            "compartment_id": "ocid1.compartment.oc1..aaaaaaaartnnf5bmtaiemfuwzaisce7th6a7uqextmne3pauzquzzqxwsslq",
            "display_name": null,
            "filter": [
              {
                "name": "display_name",
                "regex": true,
                "values": [
                  "PrivateSubnetAD2"
                ]
              }
            ],
            "id": "2020-05-13 03:56:50.745300917 +0000 UTC",
            "state": "AVAILABLE",
            "subnets": [
              {
                "availability_domain": "KEkb:US-ASHBURN-AD-2",
                "cidr_block": "192.168.0.32/28",
                "compartment_id": "ocid1.compartment.oc1..aaaaaaaartnnf5bmtaiemfuwzaisce7th6a7uqextmne3pauzquzzqxwsslq",
                "defined_tags": {
                  "Oracle-Tags.CreatedBy": "saupallohiya@gmail.com",
                  "Oracle-Tags.CreatedOn": "2020-05-13T03:46:07.279Z"
                },
                "dhcp_options_id": "ocid1.dhcpoptions.oc1.iad.aaaaaaaatuwts2s7lyl5tycigrjw3blajtymfmgxvkccvjy2lsfm4yksihfq",
                "display_name": "PrivateSubnetAD2",
                "dns_label": "privad2",
                "freeform_tags": {},
                "id": "ocid1.subnet.oc1.iad.aaaaaaaaptonhgyk75qklfru3zeld6sq4pr7676wjnjswxeuqb2tsuwmc6ia",
                "ipv6cidr_block": "",
                "ipv6public_cidr_block": "",
                "ipv6virtual_router_ip": "",
                "prohibit_public_ip_on_vnic": false,
                "route_table_id": "ocid1.routetable.oc1.iad.aaaaaaaal6bepfzlorarx62way5irsff33ql2ztwre4mpxshly7dh4vvoynq",
                "security_list_ids": [
                  "ocid1.securitylist.oc1.iad.aaaaaaaaycqph2pxggelnxojb4olglqyi5aibjmjaae4heek6xrxfy5jzutq"
                ],
                "state": "AVAILABLE",
                "subnet_domain_name": "privad2.ociesvcn.oraclevcn.com",
                "time_created": "2020-05-13 03:46:07.3 +0000 UTC",
                "vcn_id": "ocid1.vcn.oc1.iad.amaaaaaabyksr2aaa7rcinky6gz2nk7u3nlq26hksrx6wuzaaulrmw6v74fq",
                "virtual_router_ip": "192.168.0.33",
                "virtual_router_mac": "00:00:17:D6:54:25"
              }
            ],
            "vcn_id": "ocid1.vcn.oc1.iad.amaaaaaabyksr2aaa7rcinky6gz2nk7u3nlq26hksrx6wuzaaulrmw6v74fq"
          }
        }
      ]
    },
    {
      "mode": "data",
      "type": "oci_core_subnets",
      "name": "SubNet-PrivateSubnetAD3-AD3",
      "provider": "provider.oci",
      "instances": [
        {
          "schema_version": 0,
          "attributes": {
            "compartment_id": "ocid1.compartment.oc1..aaaaaaaartnnf5bmtaiemfuwzaisce7th6a7uqextmne3pauzquzzqxwsslq",
            "display_name": null,
            "filter": [
              {
                "name": "display_name",
                "regex": true,
                "values": [
                  "PrivateSubnetAD3"
                ]
              }
            ],
            "id": "2020-05-13 03:56:49.912945425 +0000 UTC",
            "state": "AVAILABLE",
            "subnets": [
              {
                "availability_domain": "KEkb:US-ASHBURN-AD-3",
                "cidr_block": "192.168.0.48/28",
                "compartment_id": "ocid1.compartment.oc1..aaaaaaaartnnf5bmtaiemfuwzaisce7th6a7uqextmne3pauzquzzqxwsslq",
                "defined_tags": {
                  "Oracle-Tags.CreatedBy": "saupallohiya@gmail.com",
                  "Oracle-Tags.CreatedOn": "2020-05-13T03:46:07.759Z"
                },
                "dhcp_options_id": "ocid1.dhcpoptions.oc1.iad.aaaaaaaatuwts2s7lyl5tycigrjw3blajtymfmgxvkccvjy2lsfm4yksihfq",
                "display_name": "PrivateSubnetAD3",
                "dns_label": "privad3",
                "freeform_tags": {},
                "id": "ocid1.subnet.oc1.iad.aaaaaaaa5lbf6d5kjisgakfichaccfhsys2kiw6ufds72bx2aeu3prmnkl3a",
                "ipv6cidr_block": "",
                "ipv6public_cidr_block": "",
                "ipv6virtual_router_ip": "",
                "prohibit_public_ip_on_vnic": false,
                "route_table_id": "ocid1.routetable.oc1.iad.aaaaaaaal6bepfzlorarx62way5irsff33ql2ztwre4mpxshly7dh4vvoynq",
                "security_list_ids": [
                  "ocid1.securitylist.oc1.iad.aaaaaaaaycqph2pxggelnxojb4olglqyi5aibjmjaae4heek6xrxfy5jzutq"
                ],
                "state": "AVAILABLE",
                "subnet_domain_name": "privad3.ociesvcn.oraclevcn.com",
                "time_created": "2020-05-13 03:46:07.93 +0000 UTC",
                "vcn_id": "ocid1.vcn.oc1.iad.amaaaaaabyksr2aaa7rcinky6gz2nk7u3nlq26hksrx6wuzaaulrmw6v74fq",
                "virtual_router_ip": "192.168.0.49",
                "virtual_router_mac": "00:00:17:D6:54:25"
              }
            ],
            "vcn_id": "ocid1.vcn.oc1.iad.amaaaaaabyksr2aaa7rcinky6gz2nk7u3nlq26hksrx6wuzaaulrmw6v74fq"
          }
        }
      ]
    },
    {
      "mode": "data",
      "type": "oci_core_vcns",
      "name": "OCI_ES_VCN",
      "provider": "provider.oci",
      "instances": [
        {
          "schema_version": 0,
          "attributes": {
            "compartment_id": "ocid1.compartment.oc1..aaaaaaaartnnf5bmtaiemfuwzaisce7th6a7uqextmne3pauzquzzqxwsslq",
            "display_name": null,
            "filter": [
              {
                "name": "display_name",
                "regex": true,
                "values": [
                  "OCI_ES_VCN"
                ]
              }
            ],
            "id": "2020-05-13 03:56:48.288764804 +0000 UTC",
            "state": "AVAILABLE",
            "virtual_networks": [
              {
                "cidr_block": "192.168.0.0/25",
                "compartment_id": "ocid1.compartment.oc1..aaaaaaaartnnf5bmtaiemfuwzaisce7th6a7uqextmne3pauzquzzqxwsslq",
                "default_dhcp_options_id": "ocid1.dhcpoptions.oc1.iad.aaaaaaaatuwts2s7lyl5tycigrjw3blajtymfmgxvkccvjy2lsfm4yksihfq",
                "default_route_table_id": "ocid1.routetable.oc1.iad.aaaaaaaapq7xwi42otsvdmm27svhveg6piy5izjdlfzenbxmy2x36uhwifnq",
                "default_security_list_id": "ocid1.securitylist.oc1.iad.aaaaaaaabopmrvatkqytfr27rqzjdja3s346wkfbtz67x5q72duvyvk2zvmq",
                "defined_tags": {
                  "Oracle-Tags.CreatedBy": "saupallohiya@gmail.com",
                  "Oracle-Tags.CreatedOn": "2020-05-13T03:46:05.591Z"
                },
                "display_name": "OCI_ES_VCN",
                "dns_label": "ociesvcn",
                "freeform_tags": {},
                "id": "ocid1.vcn.oc1.iad.amaaaaaabyksr2aaa7rcinky6gz2nk7u3nlq26hksrx6wuzaaulrmw6v74fq",
                "ipv6cidr_block": "",
                "ipv6public_cidr_block": "",
                "is_ipv6enabled": false,
                "state": "AVAILABLE",
                "time_created": "2020-05-13 03:46:05.594 +0000 UTC",
                "vcn_domain_name": "ociesvcn.oraclevcn.com"
              }
            ]
          }
        }
      ]
    },
    {
      "mode": "data",
      "type": "oci_identity_availability_domains",
      "name": "ADs",
      "provider": "provider.oci",
      "instances": [
        {
          "schema_version": 0,
          "attributes": {
            "availability_domains": [
              {
                "compartment_id": "ocid1.tenancy.oc1..aaaaaaaagloazhvw3jnv6hdf3jufy5cd2hhr5uasykyqupxx3ev43huxc2ia",
                "id": "ocid1.availabilitydomain.oc1..aaaaaaaaztunlny6ae4yw2vghp5go2zceaonwp6wiioe3tnh2vlaxjjl2n3a",
                "name": "KEkb:US-ASHBURN-AD-1"
              },
              {
                "compartment_id": "ocid1.tenancy.oc1..aaaaaaaagloazhvw3jnv6hdf3jufy5cd2hhr5uasykyqupxx3ev43huxc2ia",
                "id": "ocid1.availabilitydomain.oc1..aaaaaaaatrwxaogr7dl4yschqtrmqrdv6uzis3mgbnomiagqrfhcb7mxsfdq",
                "name": "KEkb:US-ASHBURN-AD-2"
              },
              {
                "compartment_id": "ocid1.tenancy.oc1..aaaaaaaagloazhvw3jnv6hdf3jufy5cd2hhr5uasykyqupxx3ev43huxc2ia",
                "id": "ocid1.availabilitydomain.oc1..aaaaaaaauvt2n7pijol7uqgdnnsoojcukrijtmcltvfwxazmitk235wyohta",
                "name": "KEkb:US-ASHBURN-AD-3"
              }
            ],
            "compartment_id": "ocid1.tenancy.oc1..aaaaaaaagloazhvw3jnv6hdf3jufy5cd2hhr5uasykyqupxx3ev43huxc2ia",
            "filter": null,
            "id": "2020-05-13 03:56:49.284538283 +0000 UTC"
          }
        }
      ]
    },
    {
      "mode": "data",
      "type": "oci_identity_compartments",
      "name": "ELASTIC",
      "provider": "provider.oci",
      "instances": [
        {
          "schema_version": 0,
          "attributes": {
            "access_level": null,
            "compartment_id": "ocid1.tenancy.oc1..aaaaaaaagloazhvw3jnv6hdf3jufy5cd2hhr5uasykyqupxx3ev43huxc2ia",
            "compartment_id_in_subtree": null,
            "compartments": [
              {
                "compartment_id": "ocid1.tenancy.oc1..aaaaaaaagloazhvw3jnv6hdf3jufy5cd2hhr5uasykyqupxx3ev43huxc2ia",
                "defined_tags": {
                  "Oracle-Tags.CreatedBy": "saupallohiya@gmail.com",
                  "Oracle-Tags.CreatedOn": "2020-05-09T10:11:26.110Z"
                },
                "description": "fir elastic cluster",
                "enable_delete": false,
                "freeform_tags": {},
                "id": "ocid1.compartment.oc1..aaaaaaaartnnf5bmtaiemfuwzaisce7th6a7uqextmne3pauzquzzqxwsslq",
                "inactive_state": "",
                "is_accessible": false,
                "name": "ELASTIC",
                "state": "ACTIVE",
                "time_created": "2020-05-09 10:11:26.225 +0000 UTC"
              }
            ],
            "filter": [
              {
                "name": "name",
                "regex": false,
                "values": [
                  "ELASTIC"
                ]
              }
            ],
            "id": "2020-05-13 03:56:46.876927736 +0000 UTC"
          }
        }
      ]
    },
    {
      "mode": "data",
      "type": "oci_identity_tenancy",
      "name": "oci_tenancy",
      "provider": "provider.oci",
      "instances": [
        {
          "schema_version": 0,
          "attributes": {
            "defined_tags": {},
            "description": "njlohiya",
            "freeform_tags": {},
            "home_region_key": "IAD",
            "id": "ocid1.tenancy.oc1..aaaaaaaagloazhvw3jnv6hdf3jufy5cd2hhr5uasykyqupxx3ev43huxc2ia",
            "name": "njlohiya",
            "tenancy_id": "ocid1.tenancy.oc1..aaaaaaaagloazhvw3jnv6hdf3jufy5cd2hhr5uasykyqupxx3ev43huxc2ia",
            "upi_idcs_compatibility_layer_endpoint": "https://idcs-cloudinfra.upi.identity.us-ashburn-1.oci.oraclecloud.com/sm/v1/Tenants/idcs-fcc9e02d66b243ccb8d4b1b065a00d05"
          }
        }
      ]
    },
    {
      "mode": "managed",
      "type": "oci_core_instance",
      "name": "ESDataNode1",
      "provider": "provider.oci",
      "instances": [
        {
          "schema_version": 0,
          "attributes": {
            "agent_config": [
              {
                "is_management_disabled": false,
                "is_monitoring_disabled": false
              }
            ],
            "availability_domain": "KEkb:US-ASHBURN-AD-1",
            "boot_volume_id": "ocid1.bootvolume.oc1.iad.abuwcljszbhljr73tcsundwbxgntiaxpkigfgvpueya3vu6avnl3yriowfca",
            "compartment_id": "ocid1.compartment.oc1..aaaaaaaartnnf5bmtaiemfuwzaisce7th6a7uqextmne3pauzquzzqxwsslq",
            "create_vnic_details": [
              {
                "assign_public_ip": "false",
                "defined_tags": {
                  "Oracle-Tags.CreatedBy": "saupallohiya@gmail.com",
                  "Oracle-Tags.CreatedOn": "2020-05-13T03:57:00.549Z"
                },
                "display_name": "ESDataNode1",
                "freeform_tags": {},
                "hostname_label": "esdatanode1",
                "nsg_ids": null,
                "private_ip": "192.168.0.19",
                "skip_source_dest_check": false,
                "subnet_id": "ocid1.subnet.oc1.iad.aaaaaaaaun3gjogapgthhdslxwebfowmjyz2q5m4xqtkqddrfgauwcob53aa"
              }
            ],
            "dedicated_vm_host_id": null,
            "defined_tags": {
              "Oracle-Tags.CreatedBy": "saupallohiya@gmail.com",
              "Oracle-Tags.CreatedOn": "2020-05-13T03:57:00.222Z"
            },
            "display_name": "ESDataNode1",
            "extended_metadata": null,
            "fault_domain": "FAULT-DOMAIN-2",
            "freeform_tags": {},
            "hostname_label": "esdatanode1",
            "id": "ocid1.instance.oc1.iad.anuwcljsbyksr2actibaevi4fjfxbxj5rs64766xyh2ykw2jnnat2dole3aa",
            "image": "ocid1.image.oc1.iad.aaaaaaaa4bfsnhv2cd766tiw5oraw2as7g27upxzvu7ynqwipnqfcfwqskla",
            "ipxe_script": null,
            "is_pv_encryption_in_transit_enabled": null,
            "launch_mode": "NATIVE",
            "launch_options": [
              {
                "boot_volume_type": "PARAVIRTUALIZED",
                "firmware": "UEFI_64",
                "is_consistent_volume_naming_enabled": true,
                "is_pv_encryption_in_transit_enabled": false,
                "network_type": "PARAVIRTUALIZED",
                "remote_data_volume_type": "PARAVIRTUALIZED"
              }
            ],
            "metadata": {
              "ssh_authorized_keys": "ssh-rsa AAAAB3NzaC1yc2EAAAADAQABAAABAQDaONCIrkTgWqN3mdyL+QXuwMPpQsSRHZvksLrwIZE8Yk59Pm+L5Knv8d4L1+kJwNZwtkVUoQdlSyVM/z7gdQudYsH+nsUq6qf4Fbstb4Bn9iKNDlsK5Qbtr6oJin98Hdjo3OAr3QeY10+IGQ+borku0Qvog2ThdgS4/XOJf1oo/G9OpTooMWB56FfP/6Wukyi8Biq+yj26sJHej/9A3F7NELKnZD8TaXjyZaJ1JD87yJFoH8NymlDSnImQ04DmKLLdL8my9NK4WqMMxGUPgKjYeDm99TCZrDU2AVmiy2r/d/PYaxPHpAr0bhliuyVPi9Z2SwfXnBWhsRtXC5hFiQ53 root@joginder",
              "user_data": "IyEgL2Jpbi9iYXNoIAojI0VTIE1hc3Rlci9EYXRhIE5vZGVzIGJvb3Qgc3RyYXAKZXNtYXN0ZXJub2RlMT1gaG9zdCBlc21hc3Rlcm5vZGUxLnByaXZhZDF8YXdrICd7cHJpbnQgJDR9J2AKZXNtYXN0ZXJub2RlMj1gaG9zdCBlc21hc3Rlcm5vZGUyLnByaXZhZDJ8YXdrICd7cHJpbnQgJDR9J2AKZXNkYXRhbm9kZTE9YGhvc3QgZXNkYXRhbm9kZTEucHJpdmFkMXxhd2sgJ3twcmludCAkNH0nYAplc2RhdGFub2RlMz1gaG9zdCBlc2RhdGFub2RlMy5wcml2YWQyfGF3ayAne3ByaW50ICQ0fSdgCmxvY2FsX2lwPWBob3N0bmFtZSAtaWAKc3VibmV0SUQ9YGhvc3RuYW1lIC1mIHxjdXQgLWYyIC1kIi4iYAp1bGltaXQgLW4gNjU1MzYKdWxpbWl0IC11IDQwOTYKZWNobyAiZWxhc3RpY3NlYXJjaCAgLSAgbm9maWxlICA2NTUzNiIgPj4vZXRjL3NlY3VyaXR5L2xpbWl0cy5jb25mCmVjaG8gImVsYXN0aWNzZWFyY2ggIC0gIG5wcm9jICA0MDk2IiA+Pi9ldGMvc2VjdXJpdHkvbGltaXRzLmNvbmYKZWNobyAidm0ubWF4X21hcF9jb3VudD0yNjIxNDQiID4+L2V0Yy9zeXNjdGwuY29uZgplY2hvICJ2bS5zd2FwcGluZXNzPTEiID4+L2V0Yy9zeXNjdGwuY29uZgpzeXNjdGwgLXAKbWVtZ2I9IiQoKGBjYXQgL3Byb2MvbWVtaW5mbyB8Z3JlcCBNZW1Ub3RhbHxhd2sgJ3twcmludCAkMn0nYCAvMTAyNC8xMDI0LzIpKSIKCiMjQ29uZmlndXJlcyBEYXRhIE5vZGVzCkRhdGFOb2RlRnVuYygpCnsKSVFOPSQoaXNjc2lhZG0gLW0gZGlzY292ZXJ5IC10IHN0IC1wIDE2OS4yNTQuMi4yOjMyNjAgfGF3ayAne3ByaW50ICQyfScpCmlzY3NpYWRtIC1tIG5vZGUgLW8gbmV3IC1UICRJUU4gLXAgMTY5LjI1NC4yLjI6MzI2MAppc2NzaWFkbSAtbSBub2RlIC1vIHVwZGF0ZSAtVCAkSVFOIC1uIG5vZGUuc3RhcnR1cCAtdiBhdXRvbWF0aWMKaXNjc2lhZG0gLW0gbm9kZSAtVCAkSVFOIC1wIDE2OS4yNTQuMi4yOjMyNjAgLWwKcHZjcmVhdGUgL2Rldi9zZGIKdmdjcmVhdGUgdmdkYXRhIC9kZXYvc2RiCmx2Y3JlYXRlIC1sIDEwMCVWRyAtbiBsdmRhdGEgdmdkYXRhCm1rZnMuZXh0NCAvZGV2L3ZnZGF0YS9sdmRhdGEKbWtkaXIgL2VsYXN0aWNzZWFyY2gKZWNobyAiL2Rldi92Z2RhdGEvbHZkYXRhICAvZWxhc3RpY3NlYXJjaCAgZXh0NCAgZGVmYXVsdHMsX25ldGRldiAgMCAwIiA+Pi9ldGMvZnN0YWIKbW91bnQgLWEgCnl1bSBpbnN0YWxsIC15IGphdmEgCnl1bSBpbnN0YWxsIC15IGh0dHBzOi8vYXJ0aWZhY3RzLmVsYXN0aWMuY28vZG93bmxvYWRzL2VsYXN0aWNzZWFyY2gvZWxhc3RpY3NlYXJjaC02LjcuMS5ycG0KbWtkaXIgL2V0Yy9zeXN0ZW1kL3N5c3RlbS9lbGFzdGljc2VhcmNoLnNlcnZpY2UuZAplY2hvICJbU2VydmljZV0iID4+L2V0Yy9zeXN0ZW1kL3N5c3RlbS9lbGFzdGljc2VhcmNoLnNlcnZpY2UuZC9vdmVycmlkZS5jb25mCmVjaG8gIkxpbWl0TUVNTE9DSz1pbmZpbml0eSIgPj4vZXRjL3N5c3RlbWQvc3lzdGVtL2VsYXN0aWNzZWFyY2guc2VydmljZS5kL292ZXJyaWRlLmNvbmYKbWtkaXIgL2VsYXN0aWNzZWFyY2gvZGF0YSAvZWxhc3RpY3NlYXJjaC9sb2cKY2hvd24gLVIgZWxhc3RpY3NlYXJjaDplbGFzdGljc2VhcmNoICAvZWxhc3RpY3NlYXJjaApzZWQgLWkgJ3MvXC92YXJcL2xvZ1wvZWxhc3RpY3NlYXJjaC9cL2VsYXN0aWNzZWFyY2hcL2xvZy9nJyAvZXRjL2VsYXN0aWNzZWFyY2gvanZtLm9wdGlvbnMKc2VkIC1pICdzL1wvdmFyXC9saWJcL2VsYXN0aWNzZWFyY2gvXC9lbGFzdGljc2VhcmNoXC9kYXRhL2cnIC9ldGMvZWxhc3RpY3NlYXJjaC9qdm0ub3B0aW9ucwpzZWQgLWkgJ3MvLVhteDFnLy1YbXgnJG1lbWdiJ2cvJyAvZXRjL2VsYXN0aWNzZWFyY2gvanZtLm9wdGlvbnMKc2VkIC1pICdzLy1YbXMxZy8tWG1zJyRtZW1nYidnLycgL2V0Yy9lbGFzdGljc2VhcmNoL2p2bS5vcHRpb25zCnNlZCAtaSAncy8jTUFYX0xPQ0tFRF9NRU1PUlkvTUFYX0xPQ0tFRF9NRU1PUlkvJyAvZXRjL3N5c2NvbmZpZy9lbGFzdGljc2VhcmNoCm12IC9ldGMvZWxhc3RpY3NlYXJjaC9lbGFzdGljc2VhcmNoLnltbCAvZXRjL2VsYXN0aWNzZWFyY2gvZWxhc3RpY3NlYXJjaC55bWwub3JpZ2luYWwKZWNobyAiY2x1c3Rlci5uYW1lOiBvY2ktZXMtY2x1c3RlciIgPj4vZXRjL2VsYXN0aWNzZWFyY2gvZWxhc3RpY3NlYXJjaC55bWwKZWNobyAibm9kZS5uYW1lOiAke0hPU1ROQU1FfSIgPj4vZXRjL2VsYXN0aWNzZWFyY2gvZWxhc3RpY3NlYXJjaC55bWwKZWNobyAibmV0d29yay5ob3N0OiAkbG9jYWxfaXAiID4+L2V0Yy9lbGFzdGljc2VhcmNoL2VsYXN0aWNzZWFyY2gueW1sCmVjaG8gImRpc2NvdmVyeS56ZW4ucGluZy51bmljYXN0Lmhvc3RzOiBbIiRlc21hc3Rlcm5vZGUxIiwiJGVzbWFzdGVybm9kZTIiLCIkZXNkYXRhbm9kZTEiLCIkZXNkYXRhbm9kZTMiXSIgPj4vZXRjL2VsYXN0aWNzZWFyY2gvZWxhc3RpY3NlYXJjaC55bWwgCmVjaG8gInBhdGguZGF0YTogL2VsYXN0aWNzZWFyY2gvZGF0YSIgPj4vZXRjL2VsYXN0aWNzZWFyY2gvZWxhc3RpY3NlYXJjaC55bWwKZWNobyAicGF0aC5sb2dzOiAvZWxhc3RpY3NlYXJjaC9sb2ciID4+L2V0Yy9lbGFzdGljc2VhcmNoL2VsYXN0aWNzZWFyY2gueW1sCmVjaG8gImRpc2NvdmVyeS56ZW4ubWluaW11bV9tYXN0ZXJfbm9kZXM6IDIiID4+L2V0Yy9lbGFzdGljc2VhcmNoL2VsYXN0aWNzZWFyY2gueW1sCmVjaG8gImNsdXN0ZXIucm91dGluZy5hbGxvY2F0aW9uLmF3YXJlbmVzcy5hdHRyaWJ1dGVzOiBwcml2YWQiID4+L2V0Yy9lbGFzdGljc2VhcmNoL2VsYXN0aWNzZWFyY2gueW1sCmVjaG8gIm5vZGUuYXR0ci5wcml2YWQ6ICRzdWJuZXRJRCIgPj4vZXRjL2VsYXN0aWNzZWFyY2gvZWxhc3RpY3NlYXJjaC55bWwKZWNobyAibm9kZS5tYXN0ZXI6IGZhbHNlIiA+Pi9ldGMvZWxhc3RpY3NlYXJjaC9lbGFzdGljc2VhcmNoLnltbAplY2hvICJub2RlLmRhdGE6IHRydWUiID4+L2V0Yy9lbGFzdGljc2VhcmNoL2VsYXN0aWNzZWFyY2gueW1sCmVjaG8gImJvb3RzdHJhcC5tZW1vcnlfbG9jazogdHJ1ZSIgPj4vZXRjL2VsYXN0aWNzZWFyY2gvZWxhc3RpY3NlYXJjaC55bWwKY2htb2QgNjYwIC9ldGMvZWxhc3RpY3NlYXJjaC9lbGFzdGljc2VhcmNoLnltbApjaG93biByb290OmVsYXN0aWNzZWFyY2ggL2V0Yy9lbGFzdGljc2VhcmNoL2VsYXN0aWNzZWFyY2gueW1sCnN5c3RlbWN0bCBkYWVtb24tcmVsb2FkCnN5c3RlbWN0bCBlbmFibGUgZWxhc3RpY3NlYXJjaC5zZXJ2aWNlCnN5c3RlbWN0bCBzdGFydCBlbGFzdGljc2VhcmNoLnNlcnZpY2UKZmlyZXdhbGwtb2ZmbGluZS1jbWQgLS1hZGQtcG9ydD05MjAwL3RjcApmaXJld2FsbC1vZmZsaW5lLWNtZCAtLWFkZC1wb3J0PTkzMDAvdGNwCnN5c3RlbWN0bCByZXN0YXJ0IGZpcmV3YWxsZAp9CgojI0NvbmZpZ3VyZSBNYXN0ZXIgTm9kZXMKTWFzdGVyTm9kZUZ1bmMoKQp7Cnl1bSBpbnN0YWxsIC15IGphdmEgCnl1bSBpbnN0YWxsIC15IGh0dHBzOi8vYXJ0aWZhY3RzLmVsYXN0aWMuY28vZG93bmxvYWRzL2VsYXN0aWNzZWFyY2gvZWxhc3RpY3NlYXJjaC02LjcuMS5ycG0KeXVtIGluc3RhbGwgLXkgaHR0cHM6Ly9hcnRpZmFjdHMuZWxhc3RpYy5jby9kb3dubG9hZHMva2liYW5hL2tpYmFuYS02LjcuMS14ODZfNjQucnBtCm1rZGlyIC9ldGMvc3lzdGVtZC9zeXN0ZW0vZWxhc3RpY3NlYXJjaC5zZXJ2aWNlLmQKZWNobyAiW1NlcnZpY2VdIiA+Pi9ldGMvc3lzdGVtZC9zeXN0ZW0vZWxhc3RpY3NlYXJjaC5zZXJ2aWNlLmQvb3ZlcnJpZGUuY29uZgplY2hvICJMaW1pdE1FTUxPQ0s9aW5maW5pdHkiID4+L2V0Yy9zeXN0ZW1kL3N5c3RlbS9lbGFzdGljc2VhcmNoLnNlcnZpY2UuZC9vdmVycmlkZS5jb25mCm1rZGlyIC1wIC9lbGFzdGljc2VhcmNoL2RhdGEgL2VsYXN0aWNzZWFyY2gvbG9nIApjaG93biAtUiBlbGFzdGljc2VhcmNoOmVsYXN0aWNzZWFyY2ggIC9lbGFzdGljc2VhcmNoCnNlZCAtaSAncy9cL3ZhclwvbG9nXC9lbGFzdGljc2VhcmNoL1wvZWxhc3RpY3NlYXJjaFwvbG9nL2cnIC9ldGMvZWxhc3RpY3NlYXJjaC9qdm0ub3B0aW9ucwpzZWQgLWkgJ3MvXC92YXJcL2xpYlwvZWxhc3RpY3NlYXJjaC9cL2VsYXN0aWNzZWFyY2hcL2RhdGEvZycgL2V0Yy9lbGFzdGljc2VhcmNoL2p2bS5vcHRpb25zCnNlZCAtaSAncy8tWG14MWcvLVhteCckbWVtZ2InZy8nIC9ldGMvZWxhc3RpY3NlYXJjaC9qdm0ub3B0aW9ucwpzZWQgLWkgJ3MvLVhtczFnLy1YbXMnJG1lbWdiJ2cvJyAvZXRjL2VsYXN0aWNzZWFyY2gvanZtLm9wdGlvbnMKc2VkIC1pICdzLyNNQVhfTE9DS0VEX01FTU9SWS9NQVhfTE9DS0VEX01FTU9SWS8nIC9ldGMvc3lzY29uZmlnL2VsYXN0aWNzZWFyY2gKbXYgL2V0Yy9lbGFzdGljc2VhcmNoL2VsYXN0aWNzZWFyY2gueW1sIC9ldGMvZWxhc3RpY3NlYXJjaC9lbGFzdGljc2VhcmNoLnltbC5vcmlnaW5hbAplY2hvICJjbHVzdGVyLm5hbWU6IG9jaS1lcy1jbHVzdGVyIiA+Pi9ldGMvZWxhc3RpY3NlYXJjaC9lbGFzdGljc2VhcmNoLnltbAplY2hvICJub2RlLm5hbWU6ICR7SE9TVE5BTUV9IiA+Pi9ldGMvZWxhc3RpY3NlYXJjaC9lbGFzdGljc2VhcmNoLnltbAplY2hvICJuZXR3b3JrLmhvc3Q6ICRsb2NhbF9pcCIgPj4vZXRjL2VsYXN0aWNzZWFyY2gvZWxhc3RpY3NlYXJjaC55bWwKZWNobyAiZGlzY292ZXJ5Lnplbi5waW5nLnVuaWNhc3QuaG9zdHM6IFsiJGVzbWFzdGVybm9kZTEiLCIkZXNtYXN0ZXJub2RlMiIsIiRlc2RhdGFub2RlMSIsIiRlc2RhdGFub2RlMyJdIiA+Pi9ldGMvZWxhc3RpY3NlYXJjaC9lbGFzdGljc2VhcmNoLnltbAplY2hvICJwYXRoLmRhdGE6IC9lbGFzdGljc2VhcmNoL2RhdGEiID4+L2V0Yy9lbGFzdGljc2VhcmNoL2VsYXN0aWNzZWFyY2gueW1sCmVjaG8gInBhdGgubG9nczogL2VsYXN0aWNzZWFyY2gvbG9nIiA+Pi9ldGMvZWxhc3RpY3NlYXJjaC9lbGFzdGljc2VhcmNoLnltbAplY2hvICJkaXNjb3ZlcnkuemVuLm1pbmltdW1fbWFzdGVyX25vZGVzOiAyIiA+Pi9ldGMvZWxhc3RpY3NlYXJjaC9lbGFzdGljc2VhcmNoLnltbAplY2hvICJjbHVzdGVyLnJvdXRpbmcuYWxsb2NhdGlvbi5hd2FyZW5lc3MuYXR0cmlidXRlczogcHJpdmFkIiA+Pi9ldGMvZWxhc3RpY3NlYXJjaC9lbGFzdGljc2VhcmNoLnltbAplY2hvICJub2RlLmF0dHIucHJpdmFkOiAkc3VibmV0SUQiID4+L2V0Yy9lbGFzdGljc2VhcmNoL2VsYXN0aWNzZWFyY2gueW1sCmVjaG8gIm5vZGUubWFzdGVyOiB0cnVlIiA+Pi9ldGMvZWxhc3RpY3NlYXJjaC9lbGFzdGljc2VhcmNoLnltbAplY2hvICJub2RlLmRhdGE6IGZhbHNlIiA+Pi9ldGMvZWxhc3RpY3NlYXJjaC9lbGFzdGljc2VhcmNoLnltbAplY2hvICJub2RlLmluZ2VzdDogZmFsc2UiID4+L2V0Yy9lbGFzdGljc2VhcmNoL2VsYXN0aWNzZWFyY2gueW1sCmVjaG8gImJvb3RzdHJhcC5tZW1vcnlfbG9jazogdHJ1ZSIgPj4vZXRjL2VsYXN0aWNzZWFyY2gvZWxhc3RpY3NlYXJjaC55bWwKbXYgL2V0Yy9raWJhbmEva2liYW5hLnltbCAvZXRjL2tpYmFuYS9raWJhbmEueW1sLm9yaWdpbmFsIAplY2hvICJzZXJ2ZXIuaG9zdDogJGxvY2FsX2lwIiA+Pi9ldGMva2liYW5hL2tpYmFuYS55bWwKZWNobyAiZWxhc3RpY3NlYXJjaC51cmw6ICJodHRwOi8vJGxvY2FsX2lwOjkyMDAiIiA+Pi9ldGMva2liYW5hL2tpYmFuYS55bWwKY2htb2QgNjYwIC9ldGMvZWxhc3RpY3NlYXJjaC9lbGFzdGljc2VhcmNoLnltbApjaG93biByb290OmVsYXN0aWNzZWFyY2ggL2V0Yy9lbGFzdGljc2VhcmNoL2VsYXN0aWNzZWFyY2gueW1sCnN5c3RlbWN0bCBkYWVtb24tcmVsb2FkCnN5c3RlbWN0bCBlbmFibGUgZWxhc3RpY3NlYXJjaC5zZXJ2aWNlCnN5c3RlbWN0bCBzdGFydCBlbGFzdGljc2VhcmNoLnNlcnZpY2UKc3lzdGVtY3RsIGVuYWJsZSBraWJhbmEuc2VydmljZQpzeXN0ZW1jdGwgc3RhcnQga2liYW5hLnNlcnZpY2UKZmlyZXdhbGwtb2ZmbGluZS1jbWQgLS1hZGQtcG9ydD05MjAwL3RjcApmaXJld2FsbC1vZmZsaW5lLWNtZCAtLWFkZC1wb3J0PTkzMDAvdGNwCmZpcmV3YWxsLW9mZmxpbmUtY21kIC0tYWRkLXBvcnQ9NTYwMS90Y3AKc3lzdGVtY3RsIHJlc3RhcnQgZmlyZXdhbGxkCn0KCiMjIFNlbGVjdCB0aGUgbm9kZSBhcyBNYXN0ZXIvRGF0YSBhbmQgcnVucyByZWxldmFudCBmdW5jdGlvbi4KY2FzZSAke0hPU1ROQU1FfSBpbgogICAgIGVzbWFzdGVybm9kZTF8ZXNtYXN0ZXJub2RlMikKICAgICAgICAgICBlY2hvICJSdW5uaW5nIE1hc3RlciBOb2RlIEZ1bmN0aW9uIgogICAgICAgICAgIE1hc3Rlck5vZGVGdW5jCiAgICAgICAgICAgOzsKICAgIGVzZGF0YW5vZGUxfGVzZGF0YW5vZGUzKQogICAgICAgICAgIGVjaG8gIlJ1bm5pbmcgRGF0YSBOb2RlIEZ1bmN0aW9uIgogICAgICAgICAgIERhdGFOb2RlRnVuYwogICAgICAgICAgIDs7CiAgICAgICAqKQplc2FjCg=="
            },
            "preserve_boot_volume": null,
            "private_ip": "192.168.0.19",
            "public_ip": "",
            "region": "iad",
            "shape": "VM.Standard2.1",
            "shape_config": [
              {
                "gpu_description": "",
                "gpus": 0,
                "local_disk_description": "",
                "local_disks": 0,
                "local_disks_total_size_in_gbs": 0,
                "max_vnic_attachments": 2,
                "memory_in_gbs": 15,
                "networking_bandwidth_in_gbps": 1,
                "ocpus": 1,
                "processor_description": "2.0 GHz Intel® Xeon® Platinum 8167M (Skylake)"
              }
            ],
            "source_details": [
              {
                "boot_volume_size_in_gbs": "100",
                "kms_key_id": "",
                "source_id": "ocid1.image.oc1.iad.aaaaaaaa4bfsnhv2cd766tiw5oraw2as7g27upxzvu7ynqwipnqfcfwqskla",
                "source_type": "image"
              }
            ],
            "state": "RUNNING",
            "subnet_id": "ocid1.subnet.oc1.iad.aaaaaaaaun3gjogapgthhdslxwebfowmjyz2q5m4xqtkqddrfgauwcob53aa",
            "system_tags": {},
            "time_created": "2020-05-13 03:57:01.059 +0000 UTC",
            "time_maintenance_reboot_due": "",
            "timeouts": {
              "create": "60000m",
              "delete": null,
              "update": null
            }
          },
          "private": "eyJlMmJmYjczMC1lY2FhLTExZTYtOGY4OC0zNDM2M2JjN2M0YzAiOnsiY3JlYXRlIjozNjAwMDAwMDAwMDAwMDAwLCJkZWxldGUiOjcyMDAwMDAwMDAwMDAsInVwZGF0ZSI6NzIwMDAwMDAwMDAwMH19"
        }
      ]
    },
    {
      "mode": "managed",
      "type": "oci_core_instance",
      "name": "ESDataNode3",
      "provider": "provider.oci",
      "instances": [
        {
          "schema_version": 0,
          "attributes": {
            "agent_config": [
              {
                "is_management_disabled": false,
                "is_monitoring_disabled": false
              }
            ],
            "availability_domain": "KEkb:US-ASHBURN-AD-2",
            "boot_volume_id": "ocid1.bootvolume.oc1.iad.abuwcljtabwoiqz4b5bmn2jxrefwlk5qfpjlr2g4uckv2ivwggroeuyuglpq",
            "compartment_id": "ocid1.compartment.oc1..aaaaaaaartnnf5bmtaiemfuwzaisce7th6a7uqextmne3pauzquzzqxwsslq",
            "create_vnic_details": [
              {
                "assign_public_ip": "false",
                "defined_tags": {
                  "Oracle-Tags.CreatedBy": "saupallohiya@gmail.com",
                  "Oracle-Tags.CreatedOn": "2020-05-13T03:57:01.016Z"
                },
                "display_name": "ESDataNode3",
                "freeform_tags": {},
                "hostname_label": "esdatanode3",
                "nsg_ids": null,
                "private_ip": "192.168.0.35",
                "skip_source_dest_check": false,
                "subnet_id": "ocid1.subnet.oc1.iad.aaaaaaaaptonhgyk75qklfru3zeld6sq4pr7676wjnjswxeuqb2tsuwmc6ia"
              }
            ],
            "dedicated_vm_host_id": null,
            "defined_tags": {
              "Oracle-Tags.CreatedBy": "saupallohiya@gmail.com",
              "Oracle-Tags.CreatedOn": "2020-05-13T03:57:00.822Z"
            },
            "display_name": "ESDataNode3",
            "extended_metadata": null,
            "fault_domain": "FAULT-DOMAIN-2",
            "freeform_tags": {},
            "hostname_label": "esdatanode3",
            "id": "ocid1.instance.oc1.iad.anuwcljtbyksr2acd7w54rdi6iehsruykd5v4drdgg54chjf472cbfjkisra",
            "image": "ocid1.image.oc1.iad.aaaaaaaa4bfsnhv2cd766tiw5oraw2as7g27upxzvu7ynqwipnqfcfwqskla",
            "ipxe_script": null,
            "is_pv_encryption_in_transit_enabled": null,
            "launch_mode": "NATIVE",
            "launch_options": [
              {
                "boot_volume_type": "PARAVIRTUALIZED",
                "firmware": "UEFI_64",
                "is_consistent_volume_naming_enabled": true,
                "is_pv_encryption_in_transit_enabled": false,
                "network_type": "PARAVIRTUALIZED",
                "remote_data_volume_type": "PARAVIRTUALIZED"
              }
            ],
            "metadata": {
              "ssh_authorized_keys": "ssh-rsa AAAAB3NzaC1yc2EAAAADAQABAAABAQDaONCIrkTgWqN3mdyL+QXuwMPpQsSRHZvksLrwIZE8Yk59Pm+L5Knv8d4L1+kJwNZwtkVUoQdlSyVM/z7gdQudYsH+nsUq6qf4Fbstb4Bn9iKNDlsK5Qbtr6oJin98Hdjo3OAr3QeY10+IGQ+borku0Qvog2ThdgS4/XOJf1oo/G9OpTooMWB56FfP/6Wukyi8Biq+yj26sJHej/9A3F7NELKnZD8TaXjyZaJ1JD87yJFoH8NymlDSnImQ04DmKLLdL8my9NK4WqMMxGUPgKjYeDm99TCZrDU2AVmiy2r/d/PYaxPHpAr0bhliuyVPi9Z2SwfXnBWhsRtXC5hFiQ53 root@joginder",
              "user_data": "IyEgL2Jpbi9iYXNoIAojI0VTIE1hc3Rlci9EYXRhIE5vZGVzIGJvb3Qgc3RyYXAKZXNtYXN0ZXJub2RlMT1gaG9zdCBlc21hc3Rlcm5vZGUxLnByaXZhZDF8YXdrICd7cHJpbnQgJDR9J2AKZXNtYXN0ZXJub2RlMj1gaG9zdCBlc21hc3Rlcm5vZGUyLnByaXZhZDJ8YXdrICd7cHJpbnQgJDR9J2AKZXNkYXRhbm9kZTE9YGhvc3QgZXNkYXRhbm9kZTEucHJpdmFkMXxhd2sgJ3twcmludCAkNH0nYAplc2RhdGFub2RlMz1gaG9zdCBlc2RhdGFub2RlMy5wcml2YWQyfGF3ayAne3ByaW50ICQ0fSdgCmxvY2FsX2lwPWBob3N0bmFtZSAtaWAKc3VibmV0SUQ9YGhvc3RuYW1lIC1mIHxjdXQgLWYyIC1kIi4iYAp1bGltaXQgLW4gNjU1MzYKdWxpbWl0IC11IDQwOTYKZWNobyAiZWxhc3RpY3NlYXJjaCAgLSAgbm9maWxlICA2NTUzNiIgPj4vZXRjL3NlY3VyaXR5L2xpbWl0cy5jb25mCmVjaG8gImVsYXN0aWNzZWFyY2ggIC0gIG5wcm9jICA0MDk2IiA+Pi9ldGMvc2VjdXJpdHkvbGltaXRzLmNvbmYKZWNobyAidm0ubWF4X21hcF9jb3VudD0yNjIxNDQiID4+L2V0Yy9zeXNjdGwuY29uZgplY2hvICJ2bS5zd2FwcGluZXNzPTEiID4+L2V0Yy9zeXNjdGwuY29uZgpzeXNjdGwgLXAKbWVtZ2I9IiQoKGBjYXQgL3Byb2MvbWVtaW5mbyB8Z3JlcCBNZW1Ub3RhbHxhd2sgJ3twcmludCAkMn0nYCAvMTAyNC8xMDI0LzIpKSIKCiMjQ29uZmlndXJlcyBEYXRhIE5vZGVzCkRhdGFOb2RlRnVuYygpCnsKSVFOPSQoaXNjc2lhZG0gLW0gZGlzY292ZXJ5IC10IHN0IC1wIDE2OS4yNTQuMi4yOjMyNjAgfGF3ayAne3ByaW50ICQyfScpCmlzY3NpYWRtIC1tIG5vZGUgLW8gbmV3IC1UICRJUU4gLXAgMTY5LjI1NC4yLjI6MzI2MAppc2NzaWFkbSAtbSBub2RlIC1vIHVwZGF0ZSAtVCAkSVFOIC1uIG5vZGUuc3RhcnR1cCAtdiBhdXRvbWF0aWMKaXNjc2lhZG0gLW0gbm9kZSAtVCAkSVFOIC1wIDE2OS4yNTQuMi4yOjMyNjAgLWwKcHZjcmVhdGUgL2Rldi9zZGIKdmdjcmVhdGUgdmdkYXRhIC9kZXYvc2RiCmx2Y3JlYXRlIC1sIDEwMCVWRyAtbiBsdmRhdGEgdmdkYXRhCm1rZnMuZXh0NCAvZGV2L3ZnZGF0YS9sdmRhdGEKbWtkaXIgL2VsYXN0aWNzZWFyY2gKZWNobyAiL2Rldi92Z2RhdGEvbHZkYXRhICAvZWxhc3RpY3NlYXJjaCAgZXh0NCAgZGVmYXVsdHMsX25ldGRldiAgMCAwIiA+Pi9ldGMvZnN0YWIKbW91bnQgLWEgCnl1bSBpbnN0YWxsIC15IGphdmEgCnl1bSBpbnN0YWxsIC15IGh0dHBzOi8vYXJ0aWZhY3RzLmVsYXN0aWMuY28vZG93bmxvYWRzL2VsYXN0aWNzZWFyY2gvZWxhc3RpY3NlYXJjaC02LjcuMS5ycG0KbWtkaXIgL2V0Yy9zeXN0ZW1kL3N5c3RlbS9lbGFzdGljc2VhcmNoLnNlcnZpY2UuZAplY2hvICJbU2VydmljZV0iID4+L2V0Yy9zeXN0ZW1kL3N5c3RlbS9lbGFzdGljc2VhcmNoLnNlcnZpY2UuZC9vdmVycmlkZS5jb25mCmVjaG8gIkxpbWl0TUVNTE9DSz1pbmZpbml0eSIgPj4vZXRjL3N5c3RlbWQvc3lzdGVtL2VsYXN0aWNzZWFyY2guc2VydmljZS5kL292ZXJyaWRlLmNvbmYKbWtkaXIgL2VsYXN0aWNzZWFyY2gvZGF0YSAvZWxhc3RpY3NlYXJjaC9sb2cKY2hvd24gLVIgZWxhc3RpY3NlYXJjaDplbGFzdGljc2VhcmNoICAvZWxhc3RpY3NlYXJjaApzZWQgLWkgJ3MvXC92YXJcL2xvZ1wvZWxhc3RpY3NlYXJjaC9cL2VsYXN0aWNzZWFyY2hcL2xvZy9nJyAvZXRjL2VsYXN0aWNzZWFyY2gvanZtLm9wdGlvbnMKc2VkIC1pICdzL1wvdmFyXC9saWJcL2VsYXN0aWNzZWFyY2gvXC9lbGFzdGljc2VhcmNoXC9kYXRhL2cnIC9ldGMvZWxhc3RpY3NlYXJjaC9qdm0ub3B0aW9ucwpzZWQgLWkgJ3MvLVhteDFnLy1YbXgnJG1lbWdiJ2cvJyAvZXRjL2VsYXN0aWNzZWFyY2gvanZtLm9wdGlvbnMKc2VkIC1pICdzLy1YbXMxZy8tWG1zJyRtZW1nYidnLycgL2V0Yy9lbGFzdGljc2VhcmNoL2p2bS5vcHRpb25zCnNlZCAtaSAncy8jTUFYX0xPQ0tFRF9NRU1PUlkvTUFYX0xPQ0tFRF9NRU1PUlkvJyAvZXRjL3N5c2NvbmZpZy9lbGFzdGljc2VhcmNoCm12IC9ldGMvZWxhc3RpY3NlYXJjaC9lbGFzdGljc2VhcmNoLnltbCAvZXRjL2VsYXN0aWNzZWFyY2gvZWxhc3RpY3NlYXJjaC55bWwub3JpZ2luYWwKZWNobyAiY2x1c3Rlci5uYW1lOiBvY2ktZXMtY2x1c3RlciIgPj4vZXRjL2VsYXN0aWNzZWFyY2gvZWxhc3RpY3NlYXJjaC55bWwKZWNobyAibm9kZS5uYW1lOiAke0hPU1ROQU1FfSIgPj4vZXRjL2VsYXN0aWNzZWFyY2gvZWxhc3RpY3NlYXJjaC55bWwKZWNobyAibmV0d29yay5ob3N0OiAkbG9jYWxfaXAiID4+L2V0Yy9lbGFzdGljc2VhcmNoL2VsYXN0aWNzZWFyY2gueW1sCmVjaG8gImRpc2NvdmVyeS56ZW4ucGluZy51bmljYXN0Lmhvc3RzOiBbIiRlc21hc3Rlcm5vZGUxIiwiJGVzbWFzdGVybm9kZTIiLCIkZXNkYXRhbm9kZTEiLCIkZXNkYXRhbm9kZTMiXSIgPj4vZXRjL2VsYXN0aWNzZWFyY2gvZWxhc3RpY3NlYXJjaC55bWwgCmVjaG8gInBhdGguZGF0YTogL2VsYXN0aWNzZWFyY2gvZGF0YSIgPj4vZXRjL2VsYXN0aWNzZWFyY2gvZWxhc3RpY3NlYXJjaC55bWwKZWNobyAicGF0aC5sb2dzOiAvZWxhc3RpY3NlYXJjaC9sb2ciID4+L2V0Yy9lbGFzdGljc2VhcmNoL2VsYXN0aWNzZWFyY2gueW1sCmVjaG8gImRpc2NvdmVyeS56ZW4ubWluaW11bV9tYXN0ZXJfbm9kZXM6IDIiID4+L2V0Yy9lbGFzdGljc2VhcmNoL2VsYXN0aWNzZWFyY2gueW1sCmVjaG8gImNsdXN0ZXIucm91dGluZy5hbGxvY2F0aW9uLmF3YXJlbmVzcy5hdHRyaWJ1dGVzOiBwcml2YWQiID4+L2V0Yy9lbGFzdGljc2VhcmNoL2VsYXN0aWNzZWFyY2gueW1sCmVjaG8gIm5vZGUuYXR0ci5wcml2YWQ6ICRzdWJuZXRJRCIgPj4vZXRjL2VsYXN0aWNzZWFyY2gvZWxhc3RpY3NlYXJjaC55bWwKZWNobyAibm9kZS5tYXN0ZXI6IGZhbHNlIiA+Pi9ldGMvZWxhc3RpY3NlYXJjaC9lbGFzdGljc2VhcmNoLnltbAplY2hvICJub2RlLmRhdGE6IHRydWUiID4+L2V0Yy9lbGFzdGljc2VhcmNoL2VsYXN0aWNzZWFyY2gueW1sCmVjaG8gImJvb3RzdHJhcC5tZW1vcnlfbG9jazogdHJ1ZSIgPj4vZXRjL2VsYXN0aWNzZWFyY2gvZWxhc3RpY3NlYXJjaC55bWwKY2htb2QgNjYwIC9ldGMvZWxhc3RpY3NlYXJjaC9lbGFzdGljc2VhcmNoLnltbApjaG93biByb290OmVsYXN0aWNzZWFyY2ggL2V0Yy9lbGFzdGljc2VhcmNoL2VsYXN0aWNzZWFyY2gueW1sCnN5c3RlbWN0bCBkYWVtb24tcmVsb2FkCnN5c3RlbWN0bCBlbmFibGUgZWxhc3RpY3NlYXJjaC5zZXJ2aWNlCnN5c3RlbWN0bCBzdGFydCBlbGFzdGljc2VhcmNoLnNlcnZpY2UKZmlyZXdhbGwtb2ZmbGluZS1jbWQgLS1hZGQtcG9ydD05MjAwL3RjcApmaXJld2FsbC1vZmZsaW5lLWNtZCAtLWFkZC1wb3J0PTkzMDAvdGNwCnN5c3RlbWN0bCByZXN0YXJ0IGZpcmV3YWxsZAp9CgojI0NvbmZpZ3VyZSBNYXN0ZXIgTm9kZXMKTWFzdGVyTm9kZUZ1bmMoKQp7Cnl1bSBpbnN0YWxsIC15IGphdmEgCnl1bSBpbnN0YWxsIC15IGh0dHBzOi8vYXJ0aWZhY3RzLmVsYXN0aWMuY28vZG93bmxvYWRzL2VsYXN0aWNzZWFyY2gvZWxhc3RpY3NlYXJjaC02LjcuMS5ycG0KeXVtIGluc3RhbGwgLXkgaHR0cHM6Ly9hcnRpZmFjdHMuZWxhc3RpYy5jby9kb3dubG9hZHMva2liYW5hL2tpYmFuYS02LjcuMS14ODZfNjQucnBtCm1rZGlyIC9ldGMvc3lzdGVtZC9zeXN0ZW0vZWxhc3RpY3NlYXJjaC5zZXJ2aWNlLmQKZWNobyAiW1NlcnZpY2VdIiA+Pi9ldGMvc3lzdGVtZC9zeXN0ZW0vZWxhc3RpY3NlYXJjaC5zZXJ2aWNlLmQvb3ZlcnJpZGUuY29uZgplY2hvICJMaW1pdE1FTUxPQ0s9aW5maW5pdHkiID4+L2V0Yy9zeXN0ZW1kL3N5c3RlbS9lbGFzdGljc2VhcmNoLnNlcnZpY2UuZC9vdmVycmlkZS5jb25mCm1rZGlyIC1wIC9lbGFzdGljc2VhcmNoL2RhdGEgL2VsYXN0aWNzZWFyY2gvbG9nIApjaG93biAtUiBlbGFzdGljc2VhcmNoOmVsYXN0aWNzZWFyY2ggIC9lbGFzdGljc2VhcmNoCnNlZCAtaSAncy9cL3ZhclwvbG9nXC9lbGFzdGljc2VhcmNoL1wvZWxhc3RpY3NlYXJjaFwvbG9nL2cnIC9ldGMvZWxhc3RpY3NlYXJjaC9qdm0ub3B0aW9ucwpzZWQgLWkgJ3MvXC92YXJcL2xpYlwvZWxhc3RpY3NlYXJjaC9cL2VsYXN0aWNzZWFyY2hcL2RhdGEvZycgL2V0Yy9lbGFzdGljc2VhcmNoL2p2bS5vcHRpb25zCnNlZCAtaSAncy8tWG14MWcvLVhteCckbWVtZ2InZy8nIC9ldGMvZWxhc3RpY3NlYXJjaC9qdm0ub3B0aW9ucwpzZWQgLWkgJ3MvLVhtczFnLy1YbXMnJG1lbWdiJ2cvJyAvZXRjL2VsYXN0aWNzZWFyY2gvanZtLm9wdGlvbnMKc2VkIC1pICdzLyNNQVhfTE9DS0VEX01FTU9SWS9NQVhfTE9DS0VEX01FTU9SWS8nIC9ldGMvc3lzY29uZmlnL2VsYXN0aWNzZWFyY2gKbXYgL2V0Yy9lbGFzdGljc2VhcmNoL2VsYXN0aWNzZWFyY2gueW1sIC9ldGMvZWxhc3RpY3NlYXJjaC9lbGFzdGljc2VhcmNoLnltbC5vcmlnaW5hbAplY2hvICJjbHVzdGVyLm5hbWU6IG9jaS1lcy1jbHVzdGVyIiA+Pi9ldGMvZWxhc3RpY3NlYXJjaC9lbGFzdGljc2VhcmNoLnltbAplY2hvICJub2RlLm5hbWU6ICR7SE9TVE5BTUV9IiA+Pi9ldGMvZWxhc3RpY3NlYXJjaC9lbGFzdGljc2VhcmNoLnltbAplY2hvICJuZXR3b3JrLmhvc3Q6ICRsb2NhbF9pcCIgPj4vZXRjL2VsYXN0aWNzZWFyY2gvZWxhc3RpY3NlYXJjaC55bWwKZWNobyAiZGlzY292ZXJ5Lnplbi5waW5nLnVuaWNhc3QuaG9zdHM6IFsiJGVzbWFzdGVybm9kZTEiLCIkZXNtYXN0ZXJub2RlMiIsIiRlc2RhdGFub2RlMSIsIiRlc2RhdGFub2RlMyJdIiA+Pi9ldGMvZWxhc3RpY3NlYXJjaC9lbGFzdGljc2VhcmNoLnltbAplY2hvICJwYXRoLmRhdGE6IC9lbGFzdGljc2VhcmNoL2RhdGEiID4+L2V0Yy9lbGFzdGljc2VhcmNoL2VsYXN0aWNzZWFyY2gueW1sCmVjaG8gInBhdGgubG9nczogL2VsYXN0aWNzZWFyY2gvbG9nIiA+Pi9ldGMvZWxhc3RpY3NlYXJjaC9lbGFzdGljc2VhcmNoLnltbAplY2hvICJkaXNjb3ZlcnkuemVuLm1pbmltdW1fbWFzdGVyX25vZGVzOiAyIiA+Pi9ldGMvZWxhc3RpY3NlYXJjaC9lbGFzdGljc2VhcmNoLnltbAplY2hvICJjbHVzdGVyLnJvdXRpbmcuYWxsb2NhdGlvbi5hd2FyZW5lc3MuYXR0cmlidXRlczogcHJpdmFkIiA+Pi9ldGMvZWxhc3RpY3NlYXJjaC9lbGFzdGljc2VhcmNoLnltbAplY2hvICJub2RlLmF0dHIucHJpdmFkOiAkc3VibmV0SUQiID4+L2V0Yy9lbGFzdGljc2VhcmNoL2VsYXN0aWNzZWFyY2gueW1sCmVjaG8gIm5vZGUubWFzdGVyOiB0cnVlIiA+Pi9ldGMvZWxhc3RpY3NlYXJjaC9lbGFzdGljc2VhcmNoLnltbAplY2hvICJub2RlLmRhdGE6IGZhbHNlIiA+Pi9ldGMvZWxhc3RpY3NlYXJjaC9lbGFzdGljc2VhcmNoLnltbAplY2hvICJub2RlLmluZ2VzdDogZmFsc2UiID4+L2V0Yy9lbGFzdGljc2VhcmNoL2VsYXN0aWNzZWFyY2gueW1sCmVjaG8gImJvb3RzdHJhcC5tZW1vcnlfbG9jazogdHJ1ZSIgPj4vZXRjL2VsYXN0aWNzZWFyY2gvZWxhc3RpY3NlYXJjaC55bWwKbXYgL2V0Yy9raWJhbmEva2liYW5hLnltbCAvZXRjL2tpYmFuYS9raWJhbmEueW1sLm9yaWdpbmFsIAplY2hvICJzZXJ2ZXIuaG9zdDogJGxvY2FsX2lwIiA+Pi9ldGMva2liYW5hL2tpYmFuYS55bWwKZWNobyAiZWxhc3RpY3NlYXJjaC51cmw6ICJodHRwOi8vJGxvY2FsX2lwOjkyMDAiIiA+Pi9ldGMva2liYW5hL2tpYmFuYS55bWwKY2htb2QgNjYwIC9ldGMvZWxhc3RpY3NlYXJjaC9lbGFzdGljc2VhcmNoLnltbApjaG93biByb290OmVsYXN0aWNzZWFyY2ggL2V0Yy9lbGFzdGljc2VhcmNoL2VsYXN0aWNzZWFyY2gueW1sCnN5c3RlbWN0bCBkYWVtb24tcmVsb2FkCnN5c3RlbWN0bCBlbmFibGUgZWxhc3RpY3NlYXJjaC5zZXJ2aWNlCnN5c3RlbWN0bCBzdGFydCBlbGFzdGljc2VhcmNoLnNlcnZpY2UKc3lzdGVtY3RsIGVuYWJsZSBraWJhbmEuc2VydmljZQpzeXN0ZW1jdGwgc3RhcnQga2liYW5hLnNlcnZpY2UKZmlyZXdhbGwtb2ZmbGluZS1jbWQgLS1hZGQtcG9ydD05MjAwL3RjcApmaXJld2FsbC1vZmZsaW5lLWNtZCAtLWFkZC1wb3J0PTkzMDAvdGNwCmZpcmV3YWxsLW9mZmxpbmUtY21kIC0tYWRkLXBvcnQ9NTYwMS90Y3AKc3lzdGVtY3RsIHJlc3RhcnQgZmlyZXdhbGxkCn0KCiMjIFNlbGVjdCB0aGUgbm9kZSBhcyBNYXN0ZXIvRGF0YSBhbmQgcnVucyByZWxldmFudCBmdW5jdGlvbi4KY2FzZSAke0hPU1ROQU1FfSBpbgogICAgIGVzbWFzdGVybm9kZTF8ZXNtYXN0ZXJub2RlMikKICAgICAgICAgICBlY2hvICJSdW5uaW5nIE1hc3RlciBOb2RlIEZ1bmN0aW9uIgogICAgICAgICAgIE1hc3Rlck5vZGVGdW5jCiAgICAgICAgICAgOzsKICAgIGVzZGF0YW5vZGUxfGVzZGF0YW5vZGUzKQogICAgICAgICAgIGVjaG8gIlJ1bm5pbmcgRGF0YSBOb2RlIEZ1bmN0aW9uIgogICAgICAgICAgIERhdGFOb2RlRnVuYwogICAgICAgICAgIDs7CiAgICAgICAqKQplc2FjCg=="
            },
            "preserve_boot_volume": null,
            "private_ip": "192.168.0.35",
            "public_ip": "",
            "region": "iad",
            "shape": "VM.Standard2.1",
            "shape_config": [
              {
                "gpu_description": "",
                "gpus": 0,
                "local_disk_description": "",
                "local_disks": 0,
                "local_disks_total_size_in_gbs": 0,
                "max_vnic_attachments": 2,
                "memory_in_gbs": 15,
                "networking_bandwidth_in_gbps": 1,
                "ocpus": 1,
                "processor_description": "2.0 GHz Intel® Xeon® Platinum 8167M (Skylake)"
              }
            ],
            "source_details": [
              {
                "boot_volume_size_in_gbs": "100",
                "kms_key_id": "",
                "source_id": "ocid1.image.oc1.iad.aaaaaaaa4bfsnhv2cd766tiw5oraw2as7g27upxzvu7ynqwipnqfcfwqskla",
                "source_type": "image"
              }
            ],
            "state": "RUNNING",
            "subnet_id": "ocid1.subnet.oc1.iad.aaaaaaaaptonhgyk75qklfru3zeld6sq4pr7676wjnjswxeuqb2tsuwmc6ia",
            "system_tags": {},
            "time_created": "2020-05-13 03:57:01.508 +0000 UTC",
            "time_maintenance_reboot_due": "",
            "timeouts": {
              "create": "60000m",
              "delete": null,
              "update": null
            }
          },
          "private": "eyJlMmJmYjczMC1lY2FhLTExZTYtOGY4OC0zNDM2M2JjN2M0YzAiOnsiY3JlYXRlIjozNjAwMDAwMDAwMDAwMDAwLCJkZWxldGUiOjcyMDAwMDAwMDAwMDAsInVwZGF0ZSI6NzIwMDAwMDAwMDAwMH19"
        }
      ]
    },
    {
      "mode": "managed",
      "type": "oci_core_instance",
      "name": "ESMasterNode1",
      "provider": "provider.oci",
      "instances": [
        {
          "schema_version": 0,
          "attributes": {
            "agent_config": [
              {
                "is_management_disabled": false,
                "is_monitoring_disabled": false
              }
            ],
            "availability_domain": "KEkb:US-ASHBURN-AD-1",
            "boot_volume_id": "ocid1.bootvolume.oc1.iad.abuwcljssvf4wbtzvdj7mgnvfr4mxpgidf2pa5qjlptjwuc27t726l6gyvpq",
            "compartment_id": "ocid1.compartment.oc1..aaaaaaaartnnf5bmtaiemfuwzaisce7th6a7uqextmne3pauzquzzqxwsslq",
            "create_vnic_details": [
              {
                "assign_public_ip": "false",
                "defined_tags": {
                  "Oracle-Tags.CreatedBy": "saupallohiya@gmail.com",
                  "Oracle-Tags.CreatedOn": "2020-05-13T03:57:00.061Z"
                },
                "display_name": "ESMasterNode1",
                "freeform_tags": {},
                "hostname_label": "esmasternode1",
                "nsg_ids": null,
                "private_ip": "192.168.0.18",
                "skip_source_dest_check": false,
                "subnet_id": "ocid1.subnet.oc1.iad.aaaaaaaaun3gjogapgthhdslxwebfowmjyz2q5m4xqtkqddrfgauwcob53aa"
              }
            ],
            "dedicated_vm_host_id": null,
            "defined_tags": {
              "Oracle-Tags.CreatedBy": "saupallohiya@gmail.com",
              "Oracle-Tags.CreatedOn": "2020-05-13T03:56:59.862Z"
            },
            "display_name": "ESMasterNode1",
            "extended_metadata": null,
            "fault_domain": "FAULT-DOMAIN-2",
            "freeform_tags": {},
            "hostname_label": "esmasternode1",
            "id": "ocid1.instance.oc1.iad.anuwcljsbyksr2aclkdbilno2ffcpr2zirzkrb6oaklbwjzltsy2zxmllftq",
            "image": "ocid1.image.oc1.iad.aaaaaaaa4bfsnhv2cd766tiw5oraw2as7g27upxzvu7ynqwipnqfcfwqskla",
            "ipxe_script": null,
            "is_pv_encryption_in_transit_enabled": null,
            "launch_mode": "PARAVIRTUALIZED",
            "launch_options": [
              {
                "boot_volume_type": "PARAVIRTUALIZED",
                "firmware": "UEFI_64",
                "is_consistent_volume_naming_enabled": true,
                "is_pv_encryption_in_transit_enabled": false,
                "network_type": "PARAVIRTUALIZED",
                "remote_data_volume_type": "PARAVIRTUALIZED"
              }
            ],
            "metadata": {
              "ssh_authorized_keys": "ssh-rsa AAAAB3NzaC1yc2EAAAADAQABAAABAQDaONCIrkTgWqN3mdyL+QXuwMPpQsSRHZvksLrwIZE8Yk59Pm+L5Knv8d4L1+kJwNZwtkVUoQdlSyVM/z7gdQudYsH+nsUq6qf4Fbstb4Bn9iKNDlsK5Qbtr6oJin98Hdjo3OAr3QeY10+IGQ+borku0Qvog2ThdgS4/XOJf1oo/G9OpTooMWB56FfP/6Wukyi8Biq+yj26sJHej/9A3F7NELKnZD8TaXjyZaJ1JD87yJFoH8NymlDSnImQ04DmKLLdL8my9NK4WqMMxGUPgKjYeDm99TCZrDU2AVmiy2r/d/PYaxPHpAr0bhliuyVPi9Z2SwfXnBWhsRtXC5hFiQ53 root@joginder",
              "user_data": "IyEgL2Jpbi9iYXNoIAojI0VTIE1hc3Rlci9EYXRhIE5vZGVzIGJvb3Qgc3RyYXAKZXNtYXN0ZXJub2RlMT1gaG9zdCBlc21hc3Rlcm5vZGUxLnByaXZhZDF8YXdrICd7cHJpbnQgJDR9J2AKZXNtYXN0ZXJub2RlMj1gaG9zdCBlc21hc3Rlcm5vZGUyLnByaXZhZDJ8YXdrICd7cHJpbnQgJDR9J2AKZXNkYXRhbm9kZTE9YGhvc3QgZXNkYXRhbm9kZTEucHJpdmFkMXxhd2sgJ3twcmludCAkNH0nYAplc2RhdGFub2RlMz1gaG9zdCBlc2RhdGFub2RlMy5wcml2YWQyfGF3ayAne3ByaW50ICQ0fSdgCmxvY2FsX2lwPWBob3N0bmFtZSAtaWAKc3VibmV0SUQ9YGhvc3RuYW1lIC1mIHxjdXQgLWYyIC1kIi4iYAp1bGltaXQgLW4gNjU1MzYKdWxpbWl0IC11IDQwOTYKZWNobyAiZWxhc3RpY3NlYXJjaCAgLSAgbm9maWxlICA2NTUzNiIgPj4vZXRjL3NlY3VyaXR5L2xpbWl0cy5jb25mCmVjaG8gImVsYXN0aWNzZWFyY2ggIC0gIG5wcm9jICA0MDk2IiA+Pi9ldGMvc2VjdXJpdHkvbGltaXRzLmNvbmYKZWNobyAidm0ubWF4X21hcF9jb3VudD0yNjIxNDQiID4+L2V0Yy9zeXNjdGwuY29uZgplY2hvICJ2bS5zd2FwcGluZXNzPTEiID4+L2V0Yy9zeXNjdGwuY29uZgpzeXNjdGwgLXAKbWVtZ2I9IiQoKGBjYXQgL3Byb2MvbWVtaW5mbyB8Z3JlcCBNZW1Ub3RhbHxhd2sgJ3twcmludCAkMn0nYCAvMTAyNC8xMDI0LzIpKSIKCiMjQ29uZmlndXJlcyBEYXRhIE5vZGVzCkRhdGFOb2RlRnVuYygpCnsKSVFOPSQoaXNjc2lhZG0gLW0gZGlzY292ZXJ5IC10IHN0IC1wIDE2OS4yNTQuMi4yOjMyNjAgfGF3ayAne3ByaW50ICQyfScpCmlzY3NpYWRtIC1tIG5vZGUgLW8gbmV3IC1UICRJUU4gLXAgMTY5LjI1NC4yLjI6MzI2MAppc2NzaWFkbSAtbSBub2RlIC1vIHVwZGF0ZSAtVCAkSVFOIC1uIG5vZGUuc3RhcnR1cCAtdiBhdXRvbWF0aWMKaXNjc2lhZG0gLW0gbm9kZSAtVCAkSVFOIC1wIDE2OS4yNTQuMi4yOjMyNjAgLWwKcHZjcmVhdGUgL2Rldi9zZGIKdmdjcmVhdGUgdmdkYXRhIC9kZXYvc2RiCmx2Y3JlYXRlIC1sIDEwMCVWRyAtbiBsdmRhdGEgdmdkYXRhCm1rZnMuZXh0NCAvZGV2L3ZnZGF0YS9sdmRhdGEKbWtkaXIgL2VsYXN0aWNzZWFyY2gKZWNobyAiL2Rldi92Z2RhdGEvbHZkYXRhICAvZWxhc3RpY3NlYXJjaCAgZXh0NCAgZGVmYXVsdHMsX25ldGRldiAgMCAwIiA+Pi9ldGMvZnN0YWIKbW91bnQgLWEgCnl1bSBpbnN0YWxsIC15IGphdmEgCnl1bSBpbnN0YWxsIC15IGh0dHBzOi8vYXJ0aWZhY3RzLmVsYXN0aWMuY28vZG93bmxvYWRzL2VsYXN0aWNzZWFyY2gvZWxhc3RpY3NlYXJjaC02LjcuMS5ycG0KbWtkaXIgL2V0Yy9zeXN0ZW1kL3N5c3RlbS9lbGFzdGljc2VhcmNoLnNlcnZpY2UuZAplY2hvICJbU2VydmljZV0iID4+L2V0Yy9zeXN0ZW1kL3N5c3RlbS9lbGFzdGljc2VhcmNoLnNlcnZpY2UuZC9vdmVycmlkZS5jb25mCmVjaG8gIkxpbWl0TUVNTE9DSz1pbmZpbml0eSIgPj4vZXRjL3N5c3RlbWQvc3lzdGVtL2VsYXN0aWNzZWFyY2guc2VydmljZS5kL292ZXJyaWRlLmNvbmYKbWtkaXIgL2VsYXN0aWNzZWFyY2gvZGF0YSAvZWxhc3RpY3NlYXJjaC9sb2cKY2hvd24gLVIgZWxhc3RpY3NlYXJjaDplbGFzdGljc2VhcmNoICAvZWxhc3RpY3NlYXJjaApzZWQgLWkgJ3MvXC92YXJcL2xvZ1wvZWxhc3RpY3NlYXJjaC9cL2VsYXN0aWNzZWFyY2hcL2xvZy9nJyAvZXRjL2VsYXN0aWNzZWFyY2gvanZtLm9wdGlvbnMKc2VkIC1pICdzL1wvdmFyXC9saWJcL2VsYXN0aWNzZWFyY2gvXC9lbGFzdGljc2VhcmNoXC9kYXRhL2cnIC9ldGMvZWxhc3RpY3NlYXJjaC9qdm0ub3B0aW9ucwpzZWQgLWkgJ3MvLVhteDFnLy1YbXgnJG1lbWdiJ2cvJyAvZXRjL2VsYXN0aWNzZWFyY2gvanZtLm9wdGlvbnMKc2VkIC1pICdzLy1YbXMxZy8tWG1zJyRtZW1nYidnLycgL2V0Yy9lbGFzdGljc2VhcmNoL2p2bS5vcHRpb25zCnNlZCAtaSAncy8jTUFYX0xPQ0tFRF9NRU1PUlkvTUFYX0xPQ0tFRF9NRU1PUlkvJyAvZXRjL3N5c2NvbmZpZy9lbGFzdGljc2VhcmNoCm12IC9ldGMvZWxhc3RpY3NlYXJjaC9lbGFzdGljc2VhcmNoLnltbCAvZXRjL2VsYXN0aWNzZWFyY2gvZWxhc3RpY3NlYXJjaC55bWwub3JpZ2luYWwKZWNobyAiY2x1c3Rlci5uYW1lOiBvY2ktZXMtY2x1c3RlciIgPj4vZXRjL2VsYXN0aWNzZWFyY2gvZWxhc3RpY3NlYXJjaC55bWwKZWNobyAibm9kZS5uYW1lOiAke0hPU1ROQU1FfSIgPj4vZXRjL2VsYXN0aWNzZWFyY2gvZWxhc3RpY3NlYXJjaC55bWwKZWNobyAibmV0d29yay5ob3N0OiAkbG9jYWxfaXAiID4+L2V0Yy9lbGFzdGljc2VhcmNoL2VsYXN0aWNzZWFyY2gueW1sCmVjaG8gImRpc2NvdmVyeS56ZW4ucGluZy51bmljYXN0Lmhvc3RzOiBbIiRlc21hc3Rlcm5vZGUxIiwiJGVzbWFzdGVybm9kZTIiLCIkZXNkYXRhbm9kZTEiLCIkZXNkYXRhbm9kZTMiXSIgPj4vZXRjL2VsYXN0aWNzZWFyY2gvZWxhc3RpY3NlYXJjaC55bWwgCmVjaG8gInBhdGguZGF0YTogL2VsYXN0aWNzZWFyY2gvZGF0YSIgPj4vZXRjL2VsYXN0aWNzZWFyY2gvZWxhc3RpY3NlYXJjaC55bWwKZWNobyAicGF0aC5sb2dzOiAvZWxhc3RpY3NlYXJjaC9sb2ciID4+L2V0Yy9lbGFzdGljc2VhcmNoL2VsYXN0aWNzZWFyY2gueW1sCmVjaG8gImRpc2NvdmVyeS56ZW4ubWluaW11bV9tYXN0ZXJfbm9kZXM6IDIiID4+L2V0Yy9lbGFzdGljc2VhcmNoL2VsYXN0aWNzZWFyY2gueW1sCmVjaG8gImNsdXN0ZXIucm91dGluZy5hbGxvY2F0aW9uLmF3YXJlbmVzcy5hdHRyaWJ1dGVzOiBwcml2YWQiID4+L2V0Yy9lbGFzdGljc2VhcmNoL2VsYXN0aWNzZWFyY2gueW1sCmVjaG8gIm5vZGUuYXR0ci5wcml2YWQ6ICRzdWJuZXRJRCIgPj4vZXRjL2VsYXN0aWNzZWFyY2gvZWxhc3RpY3NlYXJjaC55bWwKZWNobyAibm9kZS5tYXN0ZXI6IGZhbHNlIiA+Pi9ldGMvZWxhc3RpY3NlYXJjaC9lbGFzdGljc2VhcmNoLnltbAplY2hvICJub2RlLmRhdGE6IHRydWUiID4+L2V0Yy9lbGFzdGljc2VhcmNoL2VsYXN0aWNzZWFyY2gueW1sCmVjaG8gImJvb3RzdHJhcC5tZW1vcnlfbG9jazogdHJ1ZSIgPj4vZXRjL2VsYXN0aWNzZWFyY2gvZWxhc3RpY3NlYXJjaC55bWwKY2htb2QgNjYwIC9ldGMvZWxhc3RpY3NlYXJjaC9lbGFzdGljc2VhcmNoLnltbApjaG93biByb290OmVsYXN0aWNzZWFyY2ggL2V0Yy9lbGFzdGljc2VhcmNoL2VsYXN0aWNzZWFyY2gueW1sCnN5c3RlbWN0bCBkYWVtb24tcmVsb2FkCnN5c3RlbWN0bCBlbmFibGUgZWxhc3RpY3NlYXJjaC5zZXJ2aWNlCnN5c3RlbWN0bCBzdGFydCBlbGFzdGljc2VhcmNoLnNlcnZpY2UKZmlyZXdhbGwtb2ZmbGluZS1jbWQgLS1hZGQtcG9ydD05MjAwL3RjcApmaXJld2FsbC1vZmZsaW5lLWNtZCAtLWFkZC1wb3J0PTkzMDAvdGNwCnN5c3RlbWN0bCByZXN0YXJ0IGZpcmV3YWxsZAp9CgojI0NvbmZpZ3VyZSBNYXN0ZXIgTm9kZXMKTWFzdGVyTm9kZUZ1bmMoKQp7Cnl1bSBpbnN0YWxsIC15IGphdmEgCnl1bSBpbnN0YWxsIC15IGh0dHBzOi8vYXJ0aWZhY3RzLmVsYXN0aWMuY28vZG93bmxvYWRzL2VsYXN0aWNzZWFyY2gvZWxhc3RpY3NlYXJjaC02LjcuMS5ycG0KeXVtIGluc3RhbGwgLXkgaHR0cHM6Ly9hcnRpZmFjdHMuZWxhc3RpYy5jby9kb3dubG9hZHMva2liYW5hL2tpYmFuYS02LjcuMS14ODZfNjQucnBtCm1rZGlyIC9ldGMvc3lzdGVtZC9zeXN0ZW0vZWxhc3RpY3NlYXJjaC5zZXJ2aWNlLmQKZWNobyAiW1NlcnZpY2VdIiA+Pi9ldGMvc3lzdGVtZC9zeXN0ZW0vZWxhc3RpY3NlYXJjaC5zZXJ2aWNlLmQvb3ZlcnJpZGUuY29uZgplY2hvICJMaW1pdE1FTUxPQ0s9aW5maW5pdHkiID4+L2V0Yy9zeXN0ZW1kL3N5c3RlbS9lbGFzdGljc2VhcmNoLnNlcnZpY2UuZC9vdmVycmlkZS5jb25mCm1rZGlyIC1wIC9lbGFzdGljc2VhcmNoL2RhdGEgL2VsYXN0aWNzZWFyY2gvbG9nIApjaG93biAtUiBlbGFzdGljc2VhcmNoOmVsYXN0aWNzZWFyY2ggIC9lbGFzdGljc2VhcmNoCnNlZCAtaSAncy9cL3ZhclwvbG9nXC9lbGFzdGljc2VhcmNoL1wvZWxhc3RpY3NlYXJjaFwvbG9nL2cnIC9ldGMvZWxhc3RpY3NlYXJjaC9qdm0ub3B0aW9ucwpzZWQgLWkgJ3MvXC92YXJcL2xpYlwvZWxhc3RpY3NlYXJjaC9cL2VsYXN0aWNzZWFyY2hcL2RhdGEvZycgL2V0Yy9lbGFzdGljc2VhcmNoL2p2bS5vcHRpb25zCnNlZCAtaSAncy8tWG14MWcvLVhteCckbWVtZ2InZy8nIC9ldGMvZWxhc3RpY3NlYXJjaC9qdm0ub3B0aW9ucwpzZWQgLWkgJ3MvLVhtczFnLy1YbXMnJG1lbWdiJ2cvJyAvZXRjL2VsYXN0aWNzZWFyY2gvanZtLm9wdGlvbnMKc2VkIC1pICdzLyNNQVhfTE9DS0VEX01FTU9SWS9NQVhfTE9DS0VEX01FTU9SWS8nIC9ldGMvc3lzY29uZmlnL2VsYXN0aWNzZWFyY2gKbXYgL2V0Yy9lbGFzdGljc2VhcmNoL2VsYXN0aWNzZWFyY2gueW1sIC9ldGMvZWxhc3RpY3NlYXJjaC9lbGFzdGljc2VhcmNoLnltbC5vcmlnaW5hbAplY2hvICJjbHVzdGVyLm5hbWU6IG9jaS1lcy1jbHVzdGVyIiA+Pi9ldGMvZWxhc3RpY3NlYXJjaC9lbGFzdGljc2VhcmNoLnltbAplY2hvICJub2RlLm5hbWU6ICR7SE9TVE5BTUV9IiA+Pi9ldGMvZWxhc3RpY3NlYXJjaC9lbGFzdGljc2VhcmNoLnltbAplY2hvICJuZXR3b3JrLmhvc3Q6ICRsb2NhbF9pcCIgPj4vZXRjL2VsYXN0aWNzZWFyY2gvZWxhc3RpY3NlYXJjaC55bWwKZWNobyAiZGlzY292ZXJ5Lnplbi5waW5nLnVuaWNhc3QuaG9zdHM6IFsiJGVzbWFzdGVybm9kZTEiLCIkZXNtYXN0ZXJub2RlMiIsIiRlc2RhdGFub2RlMSIsIiRlc2RhdGFub2RlMyJdIiA+Pi9ldGMvZWxhc3RpY3NlYXJjaC9lbGFzdGljc2VhcmNoLnltbAplY2hvICJwYXRoLmRhdGE6IC9lbGFzdGljc2VhcmNoL2RhdGEiID4+L2V0Yy9lbGFzdGljc2VhcmNoL2VsYXN0aWNzZWFyY2gueW1sCmVjaG8gInBhdGgubG9nczogL2VsYXN0aWNzZWFyY2gvbG9nIiA+Pi9ldGMvZWxhc3RpY3NlYXJjaC9lbGFzdGljc2VhcmNoLnltbAplY2hvICJkaXNjb3ZlcnkuemVuLm1pbmltdW1fbWFzdGVyX25vZGVzOiAyIiA+Pi9ldGMvZWxhc3RpY3NlYXJjaC9lbGFzdGljc2VhcmNoLnltbAplY2hvICJjbHVzdGVyLnJvdXRpbmcuYWxsb2NhdGlvbi5hd2FyZW5lc3MuYXR0cmlidXRlczogcHJpdmFkIiA+Pi9ldGMvZWxhc3RpY3NlYXJjaC9lbGFzdGljc2VhcmNoLnltbAplY2hvICJub2RlLmF0dHIucHJpdmFkOiAkc3VibmV0SUQiID4+L2V0Yy9lbGFzdGljc2VhcmNoL2VsYXN0aWNzZWFyY2gueW1sCmVjaG8gIm5vZGUubWFzdGVyOiB0cnVlIiA+Pi9ldGMvZWxhc3RpY3NlYXJjaC9lbGFzdGljc2VhcmNoLnltbAplY2hvICJub2RlLmRhdGE6IGZhbHNlIiA+Pi9ldGMvZWxhc3RpY3NlYXJjaC9lbGFzdGljc2VhcmNoLnltbAplY2hvICJub2RlLmluZ2VzdDogZmFsc2UiID4+L2V0Yy9lbGFzdGljc2VhcmNoL2VsYXN0aWNzZWFyY2gueW1sCmVjaG8gImJvb3RzdHJhcC5tZW1vcnlfbG9jazogdHJ1ZSIgPj4vZXRjL2VsYXN0aWNzZWFyY2gvZWxhc3RpY3NlYXJjaC55bWwKbXYgL2V0Yy9raWJhbmEva2liYW5hLnltbCAvZXRjL2tpYmFuYS9raWJhbmEueW1sLm9yaWdpbmFsIAplY2hvICJzZXJ2ZXIuaG9zdDogJGxvY2FsX2lwIiA+Pi9ldGMva2liYW5hL2tpYmFuYS55bWwKZWNobyAiZWxhc3RpY3NlYXJjaC51cmw6ICJodHRwOi8vJGxvY2FsX2lwOjkyMDAiIiA+Pi9ldGMva2liYW5hL2tpYmFuYS55bWwKY2htb2QgNjYwIC9ldGMvZWxhc3RpY3NlYXJjaC9lbGFzdGljc2VhcmNoLnltbApjaG93biByb290OmVsYXN0aWNzZWFyY2ggL2V0Yy9lbGFzdGljc2VhcmNoL2VsYXN0aWNzZWFyY2gueW1sCnN5c3RlbWN0bCBkYWVtb24tcmVsb2FkCnN5c3RlbWN0bCBlbmFibGUgZWxhc3RpY3NlYXJjaC5zZXJ2aWNlCnN5c3RlbWN0bCBzdGFydCBlbGFzdGljc2VhcmNoLnNlcnZpY2UKc3lzdGVtY3RsIGVuYWJsZSBraWJhbmEuc2VydmljZQpzeXN0ZW1jdGwgc3RhcnQga2liYW5hLnNlcnZpY2UKZmlyZXdhbGwtb2ZmbGluZS1jbWQgLS1hZGQtcG9ydD05MjAwL3RjcApmaXJld2FsbC1vZmZsaW5lLWNtZCAtLWFkZC1wb3J0PTkzMDAvdGNwCmZpcmV3YWxsLW9mZmxpbmUtY21kIC0tYWRkLXBvcnQ9NTYwMS90Y3AKc3lzdGVtY3RsIHJlc3RhcnQgZmlyZXdhbGxkCn0KCiMjIFNlbGVjdCB0aGUgbm9kZSBhcyBNYXN0ZXIvRGF0YSBhbmQgcnVucyByZWxldmFudCBmdW5jdGlvbi4KY2FzZSAke0hPU1ROQU1FfSBpbgogICAgIGVzbWFzdGVybm9kZTF8ZXNtYXN0ZXJub2RlMikKICAgICAgICAgICBlY2hvICJSdW5uaW5nIE1hc3RlciBOb2RlIEZ1bmN0aW9uIgogICAgICAgICAgIE1hc3Rlck5vZGVGdW5jCiAgICAgICAgICAgOzsKICAgIGVzZGF0YW5vZGUxfGVzZGF0YW5vZGUzKQogICAgICAgICAgIGVjaG8gIlJ1bm5pbmcgRGF0YSBOb2RlIEZ1bmN0aW9uIgogICAgICAgICAgIERhdGFOb2RlRnVuYwogICAgICAgICAgIDs7CiAgICAgICAqKQplc2FjCg=="
            },
            "preserve_boot_volume": null,
            "private_ip": "192.168.0.18",
            "public_ip": "",
            "region": "iad",
            "shape": "VM.Standard.E2.2",
            "shape_config": [
              {
                "gpu_description": "",
                "gpus": 0,
                "local_disk_description": "",
                "local_disks": 0,
                "local_disks_total_size_in_gbs": 0,
                "max_vnic_attachments": 2,
                "memory_in_gbs": 16,
                "networking_bandwidth_in_gbps": 1.399999976158142,
                "ocpus": 2,
                "processor_description": "2.0 GHz AMD EPYC™ 7551 (Naples)"
              }
            ],
            "source_details": [
              {
                "boot_volume_size_in_gbs": "100",
                "kms_key_id": "",
                "source_id": "ocid1.image.oc1.iad.aaaaaaaa4bfsnhv2cd766tiw5oraw2as7g27upxzvu7ynqwipnqfcfwqskla",
                "source_type": "image"
              }
            ],
            "state": "RUNNING",
            "subnet_id": "ocid1.subnet.oc1.iad.aaaaaaaaun3gjogapgthhdslxwebfowmjyz2q5m4xqtkqddrfgauwcob53aa",
            "system_tags": {},
            "time_created": "2020-05-13 03:57:00.564 +0000 UTC",
            "time_maintenance_reboot_due": "",
            "timeouts": {
              "create": "60000m",
              "delete": null,
              "update": null
            }
          },
          "private": "eyJlMmJmYjczMC1lY2FhLTExZTYtOGY4OC0zNDM2M2JjN2M0YzAiOnsiY3JlYXRlIjozNjAwMDAwMDAwMDAwMDAwLCJkZWxldGUiOjcyMDAwMDAwMDAwMDAsInVwZGF0ZSI6NzIwMDAwMDAwMDAwMH19"
        }
      ]
    },
    {
      "mode": "managed",
      "type": "oci_core_instance",
      "name": "ESMasterNode2",
      "provider": "provider.oci",
      "instances": [
        {
          "schema_version": 0,
          "attributes": {
            "agent_config": [
              {
                "is_management_disabled": false,
                "is_monitoring_disabled": false
              }
            ],
            "availability_domain": "KEkb:US-ASHBURN-AD-2",
            "boot_volume_id": "ocid1.bootvolume.oc1.iad.abuwcljtux74sqg4hkt3rhracxtahaor5i7afjidrhocyt4honmoxat46dza",
            "compartment_id": "ocid1.compartment.oc1..aaaaaaaartnnf5bmtaiemfuwzaisce7th6a7uqextmne3pauzquzzqxwsslq",
            "create_vnic_details": [
              {
                "assign_public_ip": "false",
                "defined_tags": {
                  "Oracle-Tags.CreatedBy": "saupallohiya@gmail.com",
                  "Oracle-Tags.CreatedOn": "2020-05-13T03:57:01.087Z"
                },
                "display_name": "ESMasterNode2",
                "freeform_tags": {},
                "hostname_label": "esmasternode2",
                "nsg_ids": null,
                "private_ip": "192.168.0.34",
                "skip_source_dest_check": false,
                "subnet_id": "ocid1.subnet.oc1.iad.aaaaaaaaptonhgyk75qklfru3zeld6sq4pr7676wjnjswxeuqb2tsuwmc6ia"
              }
            ],
            "dedicated_vm_host_id": null,
            "defined_tags": {
              "Oracle-Tags.CreatedBy": "saupallohiya@gmail.com",
              "Oracle-Tags.CreatedOn": "2020-05-13T03:57:00.877Z"
            },
            "display_name": "ESMasterNode2",
            "extended_metadata": null,
            "fault_domain": "FAULT-DOMAIN-3",
            "freeform_tags": {},
            "hostname_label": "esmasternode2",
            "id": "ocid1.instance.oc1.iad.anuwcljtbyksr2ackdso3k2ph52e5fazhpp7l6namx4jvtbpzxlgxxud4vsa",
            "image": "ocid1.image.oc1.iad.aaaaaaaa4bfsnhv2cd766tiw5oraw2as7g27upxzvu7ynqwipnqfcfwqskla",
            "ipxe_script": null,
            "is_pv_encryption_in_transit_enabled": null,
            "launch_mode": "PARAVIRTUALIZED",
            "launch_options": [
              {
                "boot_volume_type": "PARAVIRTUALIZED",
                "firmware": "UEFI_64",
                "is_consistent_volume_naming_enabled": true,
                "is_pv_encryption_in_transit_enabled": false,
                "network_type": "PARAVIRTUALIZED",
                "remote_data_volume_type": "PARAVIRTUALIZED"
              }
            ],
            "metadata": {
              "ssh_authorized_keys": "ssh-rsa AAAAB3NzaC1yc2EAAAADAQABAAABAQDaONCIrkTgWqN3mdyL+QXuwMPpQsSRHZvksLrwIZE8Yk59Pm+L5Knv8d4L1+kJwNZwtkVUoQdlSyVM/z7gdQudYsH+nsUq6qf4Fbstb4Bn9iKNDlsK5Qbtr6oJin98Hdjo3OAr3QeY10+IGQ+borku0Qvog2ThdgS4/XOJf1oo/G9OpTooMWB56FfP/6Wukyi8Biq+yj26sJHej/9A3F7NELKnZD8TaXjyZaJ1JD87yJFoH8NymlDSnImQ04DmKLLdL8my9NK4WqMMxGUPgKjYeDm99TCZrDU2AVmiy2r/d/PYaxPHpAr0bhliuyVPi9Z2SwfXnBWhsRtXC5hFiQ53 root@joginder",
              "user_data": "IyEgL2Jpbi9iYXNoIAojI0VTIE1hc3Rlci9EYXRhIE5vZGVzIGJvb3Qgc3RyYXAKZXNtYXN0ZXJub2RlMT1gaG9zdCBlc21hc3Rlcm5vZGUxLnByaXZhZDF8YXdrICd7cHJpbnQgJDR9J2AKZXNtYXN0ZXJub2RlMj1gaG9zdCBlc21hc3Rlcm5vZGUyLnByaXZhZDJ8YXdrICd7cHJpbnQgJDR9J2AKZXNkYXRhbm9kZTE9YGhvc3QgZXNkYXRhbm9kZTEucHJpdmFkMXxhd2sgJ3twcmludCAkNH0nYAplc2RhdGFub2RlMz1gaG9zdCBlc2RhdGFub2RlMy5wcml2YWQyfGF3ayAne3ByaW50ICQ0fSdgCmxvY2FsX2lwPWBob3N0bmFtZSAtaWAKc3VibmV0SUQ9YGhvc3RuYW1lIC1mIHxjdXQgLWYyIC1kIi4iYAp1bGltaXQgLW4gNjU1MzYKdWxpbWl0IC11IDQwOTYKZWNobyAiZWxhc3RpY3NlYXJjaCAgLSAgbm9maWxlICA2NTUzNiIgPj4vZXRjL3NlY3VyaXR5L2xpbWl0cy5jb25mCmVjaG8gImVsYXN0aWNzZWFyY2ggIC0gIG5wcm9jICA0MDk2IiA+Pi9ldGMvc2VjdXJpdHkvbGltaXRzLmNvbmYKZWNobyAidm0ubWF4X21hcF9jb3VudD0yNjIxNDQiID4+L2V0Yy9zeXNjdGwuY29uZgplY2hvICJ2bS5zd2FwcGluZXNzPTEiID4+L2V0Yy9zeXNjdGwuY29uZgpzeXNjdGwgLXAKbWVtZ2I9IiQoKGBjYXQgL3Byb2MvbWVtaW5mbyB8Z3JlcCBNZW1Ub3RhbHxhd2sgJ3twcmludCAkMn0nYCAvMTAyNC8xMDI0LzIpKSIKCiMjQ29uZmlndXJlcyBEYXRhIE5vZGVzCkRhdGFOb2RlRnVuYygpCnsKSVFOPSQoaXNjc2lhZG0gLW0gZGlzY292ZXJ5IC10IHN0IC1wIDE2OS4yNTQuMi4yOjMyNjAgfGF3ayAne3ByaW50ICQyfScpCmlzY3NpYWRtIC1tIG5vZGUgLW8gbmV3IC1UICRJUU4gLXAgMTY5LjI1NC4yLjI6MzI2MAppc2NzaWFkbSAtbSBub2RlIC1vIHVwZGF0ZSAtVCAkSVFOIC1uIG5vZGUuc3RhcnR1cCAtdiBhdXRvbWF0aWMKaXNjc2lhZG0gLW0gbm9kZSAtVCAkSVFOIC1wIDE2OS4yNTQuMi4yOjMyNjAgLWwKcHZjcmVhdGUgL2Rldi9zZGIKdmdjcmVhdGUgdmdkYXRhIC9kZXYvc2RiCmx2Y3JlYXRlIC1sIDEwMCVWRyAtbiBsdmRhdGEgdmdkYXRhCm1rZnMuZXh0NCAvZGV2L3ZnZGF0YS9sdmRhdGEKbWtkaXIgL2VsYXN0aWNzZWFyY2gKZWNobyAiL2Rldi92Z2RhdGEvbHZkYXRhICAvZWxhc3RpY3NlYXJjaCAgZXh0NCAgZGVmYXVsdHMsX25ldGRldiAgMCAwIiA+Pi9ldGMvZnN0YWIKbW91bnQgLWEgCnl1bSBpbnN0YWxsIC15IGphdmEgCnl1bSBpbnN0YWxsIC15IGh0dHBzOi8vYXJ0aWZhY3RzLmVsYXN0aWMuY28vZG93bmxvYWRzL2VsYXN0aWNzZWFyY2gvZWxhc3RpY3NlYXJjaC02LjcuMS5ycG0KbWtkaXIgL2V0Yy9zeXN0ZW1kL3N5c3RlbS9lbGFzdGljc2VhcmNoLnNlcnZpY2UuZAplY2hvICJbU2VydmljZV0iID4+L2V0Yy9zeXN0ZW1kL3N5c3RlbS9lbGFzdGljc2VhcmNoLnNlcnZpY2UuZC9vdmVycmlkZS5jb25mCmVjaG8gIkxpbWl0TUVNTE9DSz1pbmZpbml0eSIgPj4vZXRjL3N5c3RlbWQvc3lzdGVtL2VsYXN0aWNzZWFyY2guc2VydmljZS5kL292ZXJyaWRlLmNvbmYKbWtkaXIgL2VsYXN0aWNzZWFyY2gvZGF0YSAvZWxhc3RpY3NlYXJjaC9sb2cKY2hvd24gLVIgZWxhc3RpY3NlYXJjaDplbGFzdGljc2VhcmNoICAvZWxhc3RpY3NlYXJjaApzZWQgLWkgJ3MvXC92YXJcL2xvZ1wvZWxhc3RpY3NlYXJjaC9cL2VsYXN0aWNzZWFyY2hcL2xvZy9nJyAvZXRjL2VsYXN0aWNzZWFyY2gvanZtLm9wdGlvbnMKc2VkIC1pICdzL1wvdmFyXC9saWJcL2VsYXN0aWNzZWFyY2gvXC9lbGFzdGljc2VhcmNoXC9kYXRhL2cnIC9ldGMvZWxhc3RpY3NlYXJjaC9qdm0ub3B0aW9ucwpzZWQgLWkgJ3MvLVhteDFnLy1YbXgnJG1lbWdiJ2cvJyAvZXRjL2VsYXN0aWNzZWFyY2gvanZtLm9wdGlvbnMKc2VkIC1pICdzLy1YbXMxZy8tWG1zJyRtZW1nYidnLycgL2V0Yy9lbGFzdGljc2VhcmNoL2p2bS5vcHRpb25zCnNlZCAtaSAncy8jTUFYX0xPQ0tFRF9NRU1PUlkvTUFYX0xPQ0tFRF9NRU1PUlkvJyAvZXRjL3N5c2NvbmZpZy9lbGFzdGljc2VhcmNoCm12IC9ldGMvZWxhc3RpY3NlYXJjaC9lbGFzdGljc2VhcmNoLnltbCAvZXRjL2VsYXN0aWNzZWFyY2gvZWxhc3RpY3NlYXJjaC55bWwub3JpZ2luYWwKZWNobyAiY2x1c3Rlci5uYW1lOiBvY2ktZXMtY2x1c3RlciIgPj4vZXRjL2VsYXN0aWNzZWFyY2gvZWxhc3RpY3NlYXJjaC55bWwKZWNobyAibm9kZS5uYW1lOiAke0hPU1ROQU1FfSIgPj4vZXRjL2VsYXN0aWNzZWFyY2gvZWxhc3RpY3NlYXJjaC55bWwKZWNobyAibmV0d29yay5ob3N0OiAkbG9jYWxfaXAiID4+L2V0Yy9lbGFzdGljc2VhcmNoL2VsYXN0aWNzZWFyY2gueW1sCmVjaG8gImRpc2NvdmVyeS56ZW4ucGluZy51bmljYXN0Lmhvc3RzOiBbIiRlc21hc3Rlcm5vZGUxIiwiJGVzbWFzdGVybm9kZTIiLCIkZXNkYXRhbm9kZTEiLCIkZXNkYXRhbm9kZTMiXSIgPj4vZXRjL2VsYXN0aWNzZWFyY2gvZWxhc3RpY3NlYXJjaC55bWwgCmVjaG8gInBhdGguZGF0YTogL2VsYXN0aWNzZWFyY2gvZGF0YSIgPj4vZXRjL2VsYXN0aWNzZWFyY2gvZWxhc3RpY3NlYXJjaC55bWwKZWNobyAicGF0aC5sb2dzOiAvZWxhc3RpY3NlYXJjaC9sb2ciID4+L2V0Yy9lbGFzdGljc2VhcmNoL2VsYXN0aWNzZWFyY2gueW1sCmVjaG8gImRpc2NvdmVyeS56ZW4ubWluaW11bV9tYXN0ZXJfbm9kZXM6IDIiID4+L2V0Yy9lbGFzdGljc2VhcmNoL2VsYXN0aWNzZWFyY2gueW1sCmVjaG8gImNsdXN0ZXIucm91dGluZy5hbGxvY2F0aW9uLmF3YXJlbmVzcy5hdHRyaWJ1dGVzOiBwcml2YWQiID4+L2V0Yy9lbGFzdGljc2VhcmNoL2VsYXN0aWNzZWFyY2gueW1sCmVjaG8gIm5vZGUuYXR0ci5wcml2YWQ6ICRzdWJuZXRJRCIgPj4vZXRjL2VsYXN0aWNzZWFyY2gvZWxhc3RpY3NlYXJjaC55bWwKZWNobyAibm9kZS5tYXN0ZXI6IGZhbHNlIiA+Pi9ldGMvZWxhc3RpY3NlYXJjaC9lbGFzdGljc2VhcmNoLnltbAplY2hvICJub2RlLmRhdGE6IHRydWUiID4+L2V0Yy9lbGFzdGljc2VhcmNoL2VsYXN0aWNzZWFyY2gueW1sCmVjaG8gImJvb3RzdHJhcC5tZW1vcnlfbG9jazogdHJ1ZSIgPj4vZXRjL2VsYXN0aWNzZWFyY2gvZWxhc3RpY3NlYXJjaC55bWwKY2htb2QgNjYwIC9ldGMvZWxhc3RpY3NlYXJjaC9lbGFzdGljc2VhcmNoLnltbApjaG93biByb290OmVsYXN0aWNzZWFyY2ggL2V0Yy9lbGFzdGljc2VhcmNoL2VsYXN0aWNzZWFyY2gueW1sCnN5c3RlbWN0bCBkYWVtb24tcmVsb2FkCnN5c3RlbWN0bCBlbmFibGUgZWxhc3RpY3NlYXJjaC5zZXJ2aWNlCnN5c3RlbWN0bCBzdGFydCBlbGFzdGljc2VhcmNoLnNlcnZpY2UKZmlyZXdhbGwtb2ZmbGluZS1jbWQgLS1hZGQtcG9ydD05MjAwL3RjcApmaXJld2FsbC1vZmZsaW5lLWNtZCAtLWFkZC1wb3J0PTkzMDAvdGNwCnN5c3RlbWN0bCByZXN0YXJ0IGZpcmV3YWxsZAp9CgojI0NvbmZpZ3VyZSBNYXN0ZXIgTm9kZXMKTWFzdGVyTm9kZUZ1bmMoKQp7Cnl1bSBpbnN0YWxsIC15IGphdmEgCnl1bSBpbnN0YWxsIC15IGh0dHBzOi8vYXJ0aWZhY3RzLmVsYXN0aWMuY28vZG93bmxvYWRzL2VsYXN0aWNzZWFyY2gvZWxhc3RpY3NlYXJjaC02LjcuMS5ycG0KeXVtIGluc3RhbGwgLXkgaHR0cHM6Ly9hcnRpZmFjdHMuZWxhc3RpYy5jby9kb3dubG9hZHMva2liYW5hL2tpYmFuYS02LjcuMS14ODZfNjQucnBtCm1rZGlyIC9ldGMvc3lzdGVtZC9zeXN0ZW0vZWxhc3RpY3NlYXJjaC5zZXJ2aWNlLmQKZWNobyAiW1NlcnZpY2VdIiA+Pi9ldGMvc3lzdGVtZC9zeXN0ZW0vZWxhc3RpY3NlYXJjaC5zZXJ2aWNlLmQvb3ZlcnJpZGUuY29uZgplY2hvICJMaW1pdE1FTUxPQ0s9aW5maW5pdHkiID4+L2V0Yy9zeXN0ZW1kL3N5c3RlbS9lbGFzdGljc2VhcmNoLnNlcnZpY2UuZC9vdmVycmlkZS5jb25mCm1rZGlyIC1wIC9lbGFzdGljc2VhcmNoL2RhdGEgL2VsYXN0aWNzZWFyY2gvbG9nIApjaG93biAtUiBlbGFzdGljc2VhcmNoOmVsYXN0aWNzZWFyY2ggIC9lbGFzdGljc2VhcmNoCnNlZCAtaSAncy9cL3ZhclwvbG9nXC9lbGFzdGljc2VhcmNoL1wvZWxhc3RpY3NlYXJjaFwvbG9nL2cnIC9ldGMvZWxhc3RpY3NlYXJjaC9qdm0ub3B0aW9ucwpzZWQgLWkgJ3MvXC92YXJcL2xpYlwvZWxhc3RpY3NlYXJjaC9cL2VsYXN0aWNzZWFyY2hcL2RhdGEvZycgL2V0Yy9lbGFzdGljc2VhcmNoL2p2bS5vcHRpb25zCnNlZCAtaSAncy8tWG14MWcvLVhteCckbWVtZ2InZy8nIC9ldGMvZWxhc3RpY3NlYXJjaC9qdm0ub3B0aW9ucwpzZWQgLWkgJ3MvLVhtczFnLy1YbXMnJG1lbWdiJ2cvJyAvZXRjL2VsYXN0aWNzZWFyY2gvanZtLm9wdGlvbnMKc2VkIC1pICdzLyNNQVhfTE9DS0VEX01FTU9SWS9NQVhfTE9DS0VEX01FTU9SWS8nIC9ldGMvc3lzY29uZmlnL2VsYXN0aWNzZWFyY2gKbXYgL2V0Yy9lbGFzdGljc2VhcmNoL2VsYXN0aWNzZWFyY2gueW1sIC9ldGMvZWxhc3RpY3NlYXJjaC9lbGFzdGljc2VhcmNoLnltbC5vcmlnaW5hbAplY2hvICJjbHVzdGVyLm5hbWU6IG9jaS1lcy1jbHVzdGVyIiA+Pi9ldGMvZWxhc3RpY3NlYXJjaC9lbGFzdGljc2VhcmNoLnltbAplY2hvICJub2RlLm5hbWU6ICR7SE9TVE5BTUV9IiA+Pi9ldGMvZWxhc3RpY3NlYXJjaC9lbGFzdGljc2VhcmNoLnltbAplY2hvICJuZXR3b3JrLmhvc3Q6ICRsb2NhbF9pcCIgPj4vZXRjL2VsYXN0aWNzZWFyY2gvZWxhc3RpY3NlYXJjaC55bWwKZWNobyAiZGlzY292ZXJ5Lnplbi5waW5nLnVuaWNhc3QuaG9zdHM6IFsiJGVzbWFzdGVybm9kZTEiLCIkZXNtYXN0ZXJub2RlMiIsIiRlc2RhdGFub2RlMSIsIiRlc2RhdGFub2RlMyJdIiA+Pi9ldGMvZWxhc3RpY3NlYXJjaC9lbGFzdGljc2VhcmNoLnltbAplY2hvICJwYXRoLmRhdGE6IC9lbGFzdGljc2VhcmNoL2RhdGEiID4+L2V0Yy9lbGFzdGljc2VhcmNoL2VsYXN0aWNzZWFyY2gueW1sCmVjaG8gInBhdGgubG9nczogL2VsYXN0aWNzZWFyY2gvbG9nIiA+Pi9ldGMvZWxhc3RpY3NlYXJjaC9lbGFzdGljc2VhcmNoLnltbAplY2hvICJkaXNjb3ZlcnkuemVuLm1pbmltdW1fbWFzdGVyX25vZGVzOiAyIiA+Pi9ldGMvZWxhc3RpY3NlYXJjaC9lbGFzdGljc2VhcmNoLnltbAplY2hvICJjbHVzdGVyLnJvdXRpbmcuYWxsb2NhdGlvbi5hd2FyZW5lc3MuYXR0cmlidXRlczogcHJpdmFkIiA+Pi9ldGMvZWxhc3RpY3NlYXJjaC9lbGFzdGljc2VhcmNoLnltbAplY2hvICJub2RlLmF0dHIucHJpdmFkOiAkc3VibmV0SUQiID4+L2V0Yy9lbGFzdGljc2VhcmNoL2VsYXN0aWNzZWFyY2gueW1sCmVjaG8gIm5vZGUubWFzdGVyOiB0cnVlIiA+Pi9ldGMvZWxhc3RpY3NlYXJjaC9lbGFzdGljc2VhcmNoLnltbAplY2hvICJub2RlLmRhdGE6IGZhbHNlIiA+Pi9ldGMvZWxhc3RpY3NlYXJjaC9lbGFzdGljc2VhcmNoLnltbAplY2hvICJub2RlLmluZ2VzdDogZmFsc2UiID4+L2V0Yy9lbGFzdGljc2VhcmNoL2VsYXN0aWNzZWFyY2gueW1sCmVjaG8gImJvb3RzdHJhcC5tZW1vcnlfbG9jazogdHJ1ZSIgPj4vZXRjL2VsYXN0aWNzZWFyY2gvZWxhc3RpY3NlYXJjaC55bWwKbXYgL2V0Yy9raWJhbmEva2liYW5hLnltbCAvZXRjL2tpYmFuYS9raWJhbmEueW1sLm9yaWdpbmFsIAplY2hvICJzZXJ2ZXIuaG9zdDogJGxvY2FsX2lwIiA+Pi9ldGMva2liYW5hL2tpYmFuYS55bWwKZWNobyAiZWxhc3RpY3NlYXJjaC51cmw6ICJodHRwOi8vJGxvY2FsX2lwOjkyMDAiIiA+Pi9ldGMva2liYW5hL2tpYmFuYS55bWwKY2htb2QgNjYwIC9ldGMvZWxhc3RpY3NlYXJjaC9lbGFzdGljc2VhcmNoLnltbApjaG93biByb290OmVsYXN0aWNzZWFyY2ggL2V0Yy9lbGFzdGljc2VhcmNoL2VsYXN0aWNzZWFyY2gueW1sCnN5c3RlbWN0bCBkYWVtb24tcmVsb2FkCnN5c3RlbWN0bCBlbmFibGUgZWxhc3RpY3NlYXJjaC5zZXJ2aWNlCnN5c3RlbWN0bCBzdGFydCBlbGFzdGljc2VhcmNoLnNlcnZpY2UKc3lzdGVtY3RsIGVuYWJsZSBraWJhbmEuc2VydmljZQpzeXN0ZW1jdGwgc3RhcnQga2liYW5hLnNlcnZpY2UKZmlyZXdhbGwtb2ZmbGluZS1jbWQgLS1hZGQtcG9ydD05MjAwL3RjcApmaXJld2FsbC1vZmZsaW5lLWNtZCAtLWFkZC1wb3J0PTkzMDAvdGNwCmZpcmV3YWxsLW9mZmxpbmUtY21kIC0tYWRkLXBvcnQ9NTYwMS90Y3AKc3lzdGVtY3RsIHJlc3RhcnQgZmlyZXdhbGxkCn0KCiMjIFNlbGVjdCB0aGUgbm9kZSBhcyBNYXN0ZXIvRGF0YSBhbmQgcnVucyByZWxldmFudCBmdW5jdGlvbi4KY2FzZSAke0hPU1ROQU1FfSBpbgogICAgIGVzbWFzdGVybm9kZTF8ZXNtYXN0ZXJub2RlMikKICAgICAgICAgICBlY2hvICJSdW5uaW5nIE1hc3RlciBOb2RlIEZ1bmN0aW9uIgogICAgICAgICAgIE1hc3Rlck5vZGVGdW5jCiAgICAgICAgICAgOzsKICAgIGVzZGF0YW5vZGUxfGVzZGF0YW5vZGUzKQogICAgICAgICAgIGVjaG8gIlJ1bm5pbmcgRGF0YSBOb2RlIEZ1bmN0aW9uIgogICAgICAgICAgIERhdGFOb2RlRnVuYwogICAgICAgICAgIDs7CiAgICAgICAqKQplc2FjCg=="
            },
            "preserve_boot_volume": null,
            "private_ip": "192.168.0.34",
            "public_ip": "",
            "region": "iad",
            "shape": "VM.Standard.E2.2",
            "shape_config": [
              {
                "gpu_description": "",
                "gpus": 0,
                "local_disk_description": "",
                "local_disks": 0,
                "local_disks_total_size_in_gbs": 0,
                "max_vnic_attachments": 2,
                "memory_in_gbs": 16,
                "networking_bandwidth_in_gbps": 1.399999976158142,
                "ocpus": 2,
                "processor_description": "2.0 GHz AMD EPYC™ 7551 (Naples)"
              }
            ],
            "source_details": [
              {
                "boot_volume_size_in_gbs": "100",
                "kms_key_id": "",
                "source_id": "ocid1.image.oc1.iad.aaaaaaaa4bfsnhv2cd766tiw5oraw2as7g27upxzvu7ynqwipnqfcfwqskla",
                "source_type": "image"
              }
            ],
            "state": "RUNNING",
            "subnet_id": "ocid1.subnet.oc1.iad.aaaaaaaaptonhgyk75qklfru3zeld6sq4pr7676wjnjswxeuqb2tsuwmc6ia",
            "system_tags": {},
            "time_created": "2020-05-13 03:57:01.58 +0000 UTC",
            "time_maintenance_reboot_due": "",
            "timeouts": {
              "create": "60000m",
              "delete": null,
              "update": null
            }
          },
          "private": "eyJlMmJmYjczMC1lY2FhLTExZTYtOGY4OC0zNDM2M2JjN2M0YzAiOnsiY3JlYXRlIjozNjAwMDAwMDAwMDAwMDAwLCJkZWxldGUiOjcyMDAwMDAwMDAwMDAsInVwZGF0ZSI6NzIwMDAwMDAwMDAwMH19"
        }
      ]
    },
    {
      "mode": "managed",
      "type": "oci_core_volume",
      "name": "ESData1Vol1",
      "provider": "provider.oci",
      "instances": [
        {
          "schema_version": 0,
          "attributes": {
            "availability_domain": "KEkb:US-ASHBURN-AD-1",
            "backup_policy_id": null,
            "compartment_id": "ocid1.compartment.oc1..aaaaaaaartnnf5bmtaiemfuwzaisce7th6a7uqextmne3pauzquzzqxwsslq",
            "defined_tags": {},
            "display_name": "ESData1Vol1",
            "freeform_tags": {},
            "id": "ocid1.volume.oc1.iad.abuwcljsxj4lsocggz62s7angj7l4ypuxtakv4a6nhnec32kio6js6fegrjq",
            "is_hydrated": true,
            "kms_key_id": null,
            "size_in_gbs": "200",
            "size_in_mbs": "204800",
            "source_details": [],
            "state": "AVAILABLE",
            "system_tags": {},
            "time_created": "2020-05-13 03:57:01.412 +0000 UTC",
            "timeouts": null,
            "volume_backup_id": null,
            "volume_group_id": null,
            "vpus_per_gb": "10"
          },
          "private": "eyJlMmJmYjczMC1lY2FhLTExZTYtOGY4OC0zNDM2M2JjN2M0YzAiOnsiY3JlYXRlIjo5MDAwMDAwMDAwMDAsImRlbGV0ZSI6OTAwMDAwMDAwMDAwLCJ1cGRhdGUiOjkwMDAwMDAwMDAwMH19"
        }
      ]
    },
    {
      "mode": "managed",
      "type": "oci_core_volume",
      "name": "ESData3Vol3",
      "provider": "provider.oci",
      "instances": [
        {
          "schema_version": 0,
          "attributes": {
            "availability_domain": "KEkb:US-ASHBURN-AD-2",
            "backup_policy_id": null,
            "compartment_id": "ocid1.compartment.oc1..aaaaaaaartnnf5bmtaiemfuwzaisce7th6a7uqextmne3pauzquzzqxwsslq",
            "defined_tags": {},
            "display_name": "ESData3Vol3",
            "freeform_tags": {},
            "id": "ocid1.volume.oc1.iad.abuwcljtztsy7pfxwjr3ozdwstsnrbopo7lae4bmdxdxgee23jlviaqw6cza",
            "is_hydrated": true,
            "kms_key_id": null,
            "size_in_gbs": "200",
            "size_in_mbs": "204800",
            "source_details": [],
            "state": "AVAILABLE",
            "system_tags": {},
            "time_created": "2020-05-13 03:56:59.527 +0000 UTC",
            "timeouts": null,
            "volume_backup_id": null,
            "volume_group_id": null,
            "vpus_per_gb": "10"
          },
          "private": "eyJlMmJmYjczMC1lY2FhLTExZTYtOGY4OC0zNDM2M2JjN2M0YzAiOnsiY3JlYXRlIjo5MDAwMDAwMDAwMDAsImRlbGV0ZSI6OTAwMDAwMDAwMDAwLCJ1cGRhdGUiOjkwMDAwMDAwMDAwMH19"
        }
      ]
    },
    {
      "mode": "managed",
      "type": "oci_core_volume_attachment",
      "name": "Attach_ESData1Vol1",
      "provider": "provider.oci",
      "instances": [
        {
          "schema_version": 0,
          "attributes": {
            "attachment_type": "iscsi",
            "availability_domain": "KEkb:US-ASHBURN-AD-1",
            "chap_secret": null,
            "chap_username": null,
            "compartment_id": "ocid1.compartment.oc1..aaaaaaaartnnf5bmtaiemfuwzaisce7th6a7uqextmne3pauzquzzqxwsslq",
            "device": null,
            "display_name": "volumeattachment20200513035811",
            "id": "ocid1.volumeattachment.oc1.iad.anuwcljsbyksr2ac7kanyt7pzbvk47x5kvcf3eofxasupzwvsx3uynw3tz3a",
            "instance_id": "ocid1.instance.oc1.iad.anuwcljsbyksr2actibaevi4fjfxbxj5rs64766xyh2ykw2jnnat2dole3aa",
            "ipv4": "169.254.2.2",
            "iqn": "iqn.2015-12.com.oracleiaas:d1351e2b-7cf9-4a9e-98ea-71743ed4ec0c",
            "is_pv_encryption_in_transit_enabled": false,
            "is_read_only": false,
            "is_shareable": null,
            "port": 3260,
            "state": "ATTACHED",
            "time_created": "2020-05-13 03:58:11.431 +0000 UTC",
            "timeouts": null,
            "use_chap": null,
            "volume_id": "ocid1.volume.oc1.iad.abuwcljsxj4lsocggz62s7angj7l4ypuxtakv4a6nhnec32kio6js6fegrjq"
          },
          "private": "eyJlMmJmYjczMC1lY2FhLTExZTYtOGY4OC0zNDM2M2JjN2M0YzAiOnsiY3JlYXRlIjo5MDAwMDAwMDAwMDAsImRlbGV0ZSI6OTAwMDAwMDAwMDAwLCJ1cGRhdGUiOjkwMDAwMDAwMDAwMH19",
          "dependencies": [
            "oci_core_instance.ESDataNode1",
            "oci_core_volume.ESData1Vol1"
          ]
        }
      ]
    },
    {
      "mode": "managed",
      "type": "oci_core_volume_attachment",
      "name": "Attach_ESData3Vol3",
      "provider": "provider.oci",
      "instances": [
        {
          "schema_version": 0,
          "attributes": {
            "attachment_type": "iscsi",
            "availability_domain": "KEkb:US-ASHBURN-AD-2",
            "chap_secret": null,
            "chap_username": null,
            "compartment_id": "ocid1.compartment.oc1..aaaaaaaartnnf5bmtaiemfuwzaisce7th6a7uqextmne3pauzquzzqxwsslq",
            "device": null,
            "display_name": "volumeattachment20200513035817",
            "id": "ocid1.volumeattachment.oc1.iad.anuwcljtbyksr2ac7cbufmnk3hoqkvml27qgfnn2zv7uw47hsmjuird2imja",
            "instance_id": "ocid1.instance.oc1.iad.anuwcljtbyksr2acd7w54rdi6iehsruykd5v4drdgg54chjf472cbfjkisra",
            "ipv4": "169.254.2.2",
            "iqn": "iqn.2015-12.com.oracleiaas:d098d32a-aff4-4415-bd79-915cb204f944",
            "is_pv_encryption_in_transit_enabled": false,
            "is_read_only": false,
            "is_shareable": null,
            "port": 3260,
            "state": "ATTACHED",
            "time_created": "2020-05-13 03:58:17.533 +0000 UTC",
            "timeouts": null,
            "use_chap": null,
            "volume_id": "ocid1.volume.oc1.iad.abuwcljtztsy7pfxwjr3ozdwstsnrbopo7lae4bmdxdxgee23jlviaqw6cza"
          },
          "private": "eyJlMmJmYjczMC1lY2FhLTExZTYtOGY4OC0zNDM2M2JjN2M0YzAiOnsiY3JlYXRlIjo5MDAwMDAwMDAwMDAsImRlbGV0ZSI6OTAwMDAwMDAwMDAwLCJ1cGRhdGUiOjkwMDAwMDAwMDAwMH19",
          "dependencies": [
            "oci_core_instance.ESDataNode3",
            "oci_core_volume.ESData3Vol3"
          ]
        }
      ]
    },
    {
      "mode": "managed",
      "type": "oci_load_balancer_backend",
      "name": "DataNode1",
      "provider": "provider.oci",
      "instances": [
        {
          "schema_version": 0,
          "attributes": {
            "backendset_name": "ES-Data",
            "backup": false,
            "drain": false,
            "id": "loadBalancers/ocid1.loadbalancer.oc1.iad.aaaaaaaav5hxjnltxtrx36yacijur44w7qey7mmnkok3haiy6zci7nqjc3dq/backendSets/ES-Data/backends/192.168.0.19:9200",
            "ip_address": "192.168.0.19",
            "load_balancer_id": "ocid1.loadbalancer.oc1.iad.aaaaaaaav5hxjnltxtrx36yacijur44w7qey7mmnkok3haiy6zci7nqjc3dq",
            "name": "192.168.0.19:9200",
            "offline": false,
            "port": 9200,
            "state": "SUCCEEDED",
            "timeouts": null,
            "weight": 1
          },
          "private": "eyJlMmJmYjczMC1lY2FhLTExZTYtOGY4OC0zNDM2M2JjN2M0YzAiOnsiY3JlYXRlIjo5MDAwMDAwMDAwMDAsImRlbGV0ZSI6OTAwMDAwMDAwMDAwLCJ1cGRhdGUiOjkwMDAwMDAwMDAwMH19",
          "dependencies": [
            "oci_core_instance.ESDataNode1",
            "oci_core_instance.ESDataNode3",
            "oci_core_instance.ESMasterNode1",
            "oci_core_instance.ESMasterNode2",
            "oci_load_balancer_backend_set.ES-Data",
            "oci_load_balancer_load_balancer.ES-LB"
          ]
        }
      ]
    },
    {
      "mode": "managed",
      "type": "oci_load_balancer_backend",
      "name": "DataNode3",
      "provider": "provider.oci",
      "instances": [
        {
          "schema_version": 0,
          "attributes": {
            "backendset_name": "ES-Data",
            "backup": false,
            "drain": false,
            "id": "loadBalancers/ocid1.loadbalancer.oc1.iad.aaaaaaaav5hxjnltxtrx36yacijur44w7qey7mmnkok3haiy6zci7nqjc3dq/backendSets/ES-Data/backends/192.168.0.35:9200",
            "ip_address": "192.168.0.35",
            "load_balancer_id": "ocid1.loadbalancer.oc1.iad.aaaaaaaav5hxjnltxtrx36yacijur44w7qey7mmnkok3haiy6zci7nqjc3dq",
            "name": "192.168.0.35:9200",
            "offline": false,
            "port": 9200,
            "state": "SUCCEEDED",
            "timeouts": null,
            "weight": 1
          },
          "private": "eyJlMmJmYjczMC1lY2FhLTExZTYtOGY4OC0zNDM2M2JjN2M0YzAiOnsiY3JlYXRlIjo5MDAwMDAwMDAwMDAsImRlbGV0ZSI6OTAwMDAwMDAwMDAwLCJ1cGRhdGUiOjkwMDAwMDAwMDAwMH19",
          "dependencies": [
            "oci_core_instance.ESDataNode1",
            "oci_core_instance.ESDataNode3",
            "oci_core_instance.ESMasterNode1",
            "oci_core_instance.ESMasterNode2",
            "oci_load_balancer_backend_set.ES-Data",
            "oci_load_balancer_load_balancer.ES-LB"
          ]
        }
      ]
    },
    {
      "mode": "managed",
      "type": "oci_load_balancer_backend",
      "name": "ESMaster1",
      "provider": "provider.oci",
      "instances": [
        {
          "schema_version": 0,
          "attributes": {
            "backendset_name": "ESKibana",
            "backup": false,
            "drain": false,
            "id": "loadBalancers/ocid1.loadbalancer.oc1.iad.aaaaaaaav5hxjnltxtrx36yacijur44w7qey7mmnkok3haiy6zci7nqjc3dq/backendSets/ESKibana/backends/192.168.0.18:5601",
            "ip_address": "192.168.0.18",
            "load_balancer_id": "ocid1.loadbalancer.oc1.iad.aaaaaaaav5hxjnltxtrx36yacijur44w7qey7mmnkok3haiy6zci7nqjc3dq",
            "name": "192.168.0.18:5601",
            "offline": false,
            "port": 5601,
            "state": "SUCCEEDED",
            "timeouts": null,
            "weight": 1
          },
          "private": "eyJlMmJmYjczMC1lY2FhLTExZTYtOGY4OC0zNDM2M2JjN2M0YzAiOnsiY3JlYXRlIjo5MDAwMDAwMDAwMDAsImRlbGV0ZSI6OTAwMDAwMDAwMDAwLCJ1cGRhdGUiOjkwMDAwMDAwMDAwMH19",
          "dependencies": [
            "oci_core_instance.ESDataNode1",
            "oci_core_instance.ESDataNode3",
            "oci_core_instance.ESMasterNode1",
            "oci_core_instance.ESMasterNode2",
            "oci_load_balancer_backend_set.ESKibana",
            "oci_load_balancer_load_balancer.ES-LB"
          ]
        }
      ]
    },
    {
      "mode": "managed",
      "type": "oci_load_balancer_backend",
      "name": "ESMaster2",
      "provider": "provider.oci",
      "instances": [
        {
          "schema_version": 0,
          "attributes": {
            "backendset_name": "ESKibana",
            "backup": false,
            "drain": false,
            "id": "loadBalancers/ocid1.loadbalancer.oc1.iad.aaaaaaaav5hxjnltxtrx36yacijur44w7qey7mmnkok3haiy6zci7nqjc3dq/backendSets/ESKibana/backends/192.168.0.34:5601",
            "ip_address": "192.168.0.34",
            "load_balancer_id": "ocid1.loadbalancer.oc1.iad.aaaaaaaav5hxjnltxtrx36yacijur44w7qey7mmnkok3haiy6zci7nqjc3dq",
            "name": "192.168.0.34:5601",
            "offline": false,
            "port": 5601,
            "state": "SUCCEEDED",
            "timeouts": null,
            "weight": 1
          },
          "private": "eyJlMmJmYjczMC1lY2FhLTExZTYtOGY4OC0zNDM2M2JjN2M0YzAiOnsiY3JlYXRlIjo5MDAwMDAwMDAwMDAsImRlbGV0ZSI6OTAwMDAwMDAwMDAwLCJ1cGRhdGUiOjkwMDAwMDAwMDAwMH19",
          "dependencies": [
            "oci_core_instance.ESDataNode1",
            "oci_core_instance.ESDataNode3",
            "oci_core_instance.ESMasterNode1",
            "oci_core_instance.ESMasterNode2",
            "oci_load_balancer_backend_set.ESKibana",
            "oci_load_balancer_load_balancer.ES-LB"
          ]
        }
      ]
    },
    {
      "mode": "managed",
      "type": "oci_load_balancer_backend_set",
      "name": "ES-Data",
      "provider": "provider.oci",
      "instances": [
        {
          "schema_version": 0,
          "attributes": {
            "backend": [],
            "health_checker": [
              {
                "interval_ms": 15000,
                "port": 22,
                "protocol": "TCP",
                "response_body_regex": ".*",
                "retries": 3,
                "return_code": 200,
                "timeout_in_millis": 3000,
                "url_path": ""
              }
            ],
            "id": "loadBalancers/ocid1.loadbalancer.oc1.iad.aaaaaaaav5hxjnltxtrx36yacijur44w7qey7mmnkok3haiy6zci7nqjc3dq/backendSets/ES-Data",
            "lb_cookie_session_persistence_configuration": [],
            "load_balancer_id": "ocid1.loadbalancer.oc1.iad.aaaaaaaav5hxjnltxtrx36yacijur44w7qey7mmnkok3haiy6zci7nqjc3dq",
            "name": "ES-Data",
            "policy": "ROUND_ROBIN",
            "session_persistence_configuration": [
              {
                "cookie_name": "*",
                "disable_fallback": false
              }
            ],
            "ssl_configuration": [],
            "state": "SUCCEEDED",
            "timeouts": null
          },
          "private": "eyJlMmJmYjczMC1lY2FhLTExZTYtOGY4OC0zNDM2M2JjN2M0YzAiOnsiY3JlYXRlIjo5MDAwMDAwMDAwMDAsImRlbGV0ZSI6OTAwMDAwMDAwMDAwLCJ1cGRhdGUiOjkwMDAwMDAwMDAwMH19",
          "dependencies": [
            "oci_core_instance.ESDataNode1",
            "oci_core_instance.ESDataNode3",
            "oci_core_instance.ESMasterNode1",
            "oci_core_instance.ESMasterNode2",
            "oci_load_balancer_load_balancer.ES-LB"
          ]
        }
      ]
    },
    {
      "mode": "managed",
      "type": "oci_load_balancer_backend_set",
      "name": "ESKibana",
      "provider": "provider.oci",
      "instances": [
        {
          "schema_version": 0,
          "attributes": {
            "backend": [],
            "health_checker": [
              {
                "interval_ms": 15000,
                "port": 22,
                "protocol": "TCP",
                "response_body_regex": ".*",
                "retries": 3,
                "return_code": 200,
                "timeout_in_millis": 3000,
                "url_path": ""
              }
            ],
            "id": "loadBalancers/ocid1.loadbalancer.oc1.iad.aaaaaaaav5hxjnltxtrx36yacijur44w7qey7mmnkok3haiy6zci7nqjc3dq/backendSets/ESKibana",
            "lb_cookie_session_persistence_configuration": [],
            "load_balancer_id": "ocid1.loadbalancer.oc1.iad.aaaaaaaav5hxjnltxtrx36yacijur44w7qey7mmnkok3haiy6zci7nqjc3dq",
            "name": "ESKibana",
            "policy": "ROUND_ROBIN",
            "session_persistence_configuration": [
              {
                "cookie_name": "*",
                "disable_fallback": false
              }
            ],
            "ssl_configuration": [],
            "state": "SUCCEEDED",
            "timeouts": null
          },
          "private": "eyJlMmJmYjczMC1lY2FhLTExZTYtOGY4OC0zNDM2M2JjN2M0YzAiOnsiY3JlYXRlIjo5MDAwMDAwMDAwMDAsImRlbGV0ZSI6OTAwMDAwMDAwMDAwLCJ1cGRhdGUiOjkwMDAwMDAwMDAwMH19",
          "dependencies": [
            "oci_core_instance.ESDataNode1",
            "oci_core_instance.ESDataNode3",
            "oci_core_instance.ESMasterNode1",
            "oci_core_instance.ESMasterNode2",
            "oci_load_balancer_load_balancer.ES-LB"
          ]
        }
      ]
    },
    {
      "mode": "managed",
      "type": "oci_load_balancer_listener",
      "name": "ESDataLS",
      "provider": "provider.oci",
      "instances": [
        {
          "schema_version": 0,
          "attributes": {
            "connection_configuration": [
              {
                "backend_tcp_proxy_protocol_version": 0,
                "idle_timeout_in_seconds": "60"
              }
            ],
            "default_backend_set_name": "ES-Data",
            "hostname_names": [],
            "id": "loadBalancers/ocid1.loadbalancer.oc1.iad.aaaaaaaav5hxjnltxtrx36yacijur44w7qey7mmnkok3haiy6zci7nqjc3dq/listeners/ESDataLS",
            "load_balancer_id": "ocid1.loadbalancer.oc1.iad.aaaaaaaav5hxjnltxtrx36yacijur44w7qey7mmnkok3haiy6zci7nqjc3dq",
            "name": "ESDataLS",
            "path_route_set_name": null,
            "port": 9200,
            "protocol": "HTTP",
            "rule_set_names": [],
            "ssl_configuration": [],
            "state": "SUCCEEDED",
            "timeouts": null
          },
          "private": "eyJlMmJmYjczMC1lY2FhLTExZTYtOGY4OC0zNDM2M2JjN2M0YzAiOnsiY3JlYXRlIjo5MDAwMDAwMDAwMDAsImRlbGV0ZSI6OTAwMDAwMDAwMDAwLCJ1cGRhdGUiOjkwMDAwMDAwMDAwMH19",
          "dependencies": [
            "oci_core_instance.ESDataNode1",
            "oci_core_instance.ESDataNode3",
            "oci_core_instance.ESMasterNode1",
            "oci_core_instance.ESMasterNode2",
            "oci_load_balancer_backend_set.ES-Data",
            "oci_load_balancer_load_balancer.ES-LB"
          ]
        }
      ]
    },
    {
      "mode": "managed",
      "type": "oci_load_balancer_listener",
      "name": "KibanaLS",
      "provider": "provider.oci",
      "instances": [
        {
          "schema_version": 0,
          "attributes": {
            "connection_configuration": [
              {
                "backend_tcp_proxy_protocol_version": 0,
                "idle_timeout_in_seconds": "60"
              }
            ],
            "default_backend_set_name": "ESKibana",
            "hostname_names": [],
            "id": "loadBalancers/ocid1.loadbalancer.oc1.iad.aaaaaaaav5hxjnltxtrx36yacijur44w7qey7mmnkok3haiy6zci7nqjc3dq/listeners/KibanaLS",
            "load_balancer_id": "ocid1.loadbalancer.oc1.iad.aaaaaaaav5hxjnltxtrx36yacijur44w7qey7mmnkok3haiy6zci7nqjc3dq",
            "name": "KibanaLS",
            "path_route_set_name": null,
            "port": 5601,
            "protocol": "HTTP",
            "rule_set_names": [],
            "ssl_configuration": [],
            "state": "SUCCEEDED",
            "timeouts": null
          },
          "private": "eyJlMmJmYjczMC1lY2FhLTExZTYtOGY4OC0zNDM2M2JjN2M0YzAiOnsiY3JlYXRlIjo5MDAwMDAwMDAwMDAsImRlbGV0ZSI6OTAwMDAwMDAwMDAwLCJ1cGRhdGUiOjkwMDAwMDAwMDAwMH19",
          "dependencies": [
            "oci_core_instance.ESDataNode1",
            "oci_core_instance.ESDataNode3",
            "oci_core_instance.ESMasterNode1",
            "oci_core_instance.ESMasterNode2",
            "oci_load_balancer_backend_set.ESKibana",
            "oci_load_balancer_load_balancer.ES-LB"
          ]
        }
      ]
    },
    {
      "mode": "managed",
      "type": "oci_load_balancer_load_balancer",
      "name": "ES-LB",
      "provider": "provider.oci",
      "instances": [
        {
          "schema_version": 0,
          "attributes": {
            "compartment_id": "ocid1.compartment.oc1..aaaaaaaartnnf5bmtaiemfuwzaisce7th6a7uqextmne3pauzquzzqxwsslq",
            "defined_tags": {
              "Oracle-Tags.CreatedBy": "saupallohiya@gmail.com",
              "Oracle-Tags.CreatedOn": "2020-05-13T03:58:17.307Z"
            },
            "display_name": "ES-LB",
            "freeform_tags": {},
            "id": "ocid1.loadbalancer.oc1.iad.aaaaaaaav5hxjnltxtrx36yacijur44w7qey7mmnkok3haiy6zci7nqjc3dq",
            "ip_address_details": [
              {
                "ip_address": "150.136.191.236",
                "is_public": true
              }
            ],
            "ip_addresses": [
              "150.136.191.236"
            ],
            "ip_mode": null,
            "is_private": false,
            "network_security_group_ids": null,
            "shape": "100Mbps",
            "state": "ACTIVE",
            "subnet_ids": [
              "ocid1.subnet.oc1.iad.aaaaaaaafy6qjeybbuuyrqqu65d5x5b3izaiz73bj4m3fqlmmhzhjt2p7cgq",
              "ocid1.subnet.oc1.iad.aaaaaaaau7la7dxdbwjujpufwmxi43m32n5b6j5ctirmh4p7vskoq7aea4ja"
            ],
            "system_tags": {},
            "time_created": "2020-05-13 03:58:17.648 +0000 UTC",
            "timeouts": null
          },
          "private": "eyJlMmJmYjczMC1lY2FhLTExZTYtOGY4OC0zNDM2M2JjN2M0YzAiOnsiY3JlYXRlIjo5MDAwMDAwMDAwMDAsImRlbGV0ZSI6OTAwMDAwMDAwMDAwLCJ1cGRhdGUiOjkwMDAwMDAwMDAwMH19",
          "dependencies": [
            "oci_core_instance.ESDataNode1",
            "oci_core_instance.ESDataNode3",
            "oci_core_instance.ESMasterNode1",
            "oci_core_instance.ESMasterNode2"
          ]
        }
      ]
    }
  ]
}
